PODS:
  - BGStaticLib (0.0.1)
  - SwiftBagu (0.0.1)

DEPENDENCIES:
  - BGStaticLib (from `./StaticLib`)
  - SwiftBagu (from `./Foundation/SwiftBagu`)

EXTERNAL SOURCES:
  BGStaticLib:
    :path: "./StaticLib"
  SwiftBagu:
    :path: "./Foundation/SwiftBagu"

SPEC CHECKSUMS:
  BGStaticLib: d8c2df094584d9c56053a917d5cbf9eb6552daac
  SwiftBagu: 8193d752e8c6f2779cce0ba6f5bf77f401272488

PODFILE CHECKSUM: 130812385cd69bb6048c0f0a7777d727dc20c13d

COCOAPODS: 1.11.2
