// !$*UTF8*$!
{
	archiveVersion = 1;
	classes = {
	};
	objectVersion = 55;
	objects = {

/* Begin PBXBuildFile section */
		0D01F425281BB09800794410 /* SBGKWords.swift in Sources */ = {isa = PBXBuildFile; fileRef = 0D01F424281BB09800794410 /* SBGKWords.swift */; };
		0D0DBB5E281AB9A60087D77E /* SwiftBagu.framework in Frameworks */ = {isa = PBXBuildFile; fileRef = 0D0DBB53281AB9A60087D77E /* SwiftBagu.framework */; };
		0D0DBB63281AB9A60087D77E /* SwiftBaguTests.swift in Sources */ = {isa = PBXBuildFile; fileRef = 0D0DBB62281AB9A60087D77E /* SwiftBaguTests.swift */; };
		0D0DBB64281AB9A60087D77E /* SwiftBagu.h in Headers */ = {isa = PBXBuildFile; fileRef = 0D0DBB56281AB9A60087D77E /* SwiftBagu.h */; settings = {ATTRIBUTES = (Public, ); }; };
		0D0DBB6E281AC1230087D77E /* SBGStringFormatter.swift in Sources */ = {isa = PBXBuildFile; fileRef = 0D0DBB6D281AC1230087D77E /* SBGStringFormatter.swift */; };
		0D6194E1281D7E1E00E2AF01 /* SBGTimer.swift in Sources */ = {isa = PBXBuildFile; fileRef = 0D6194E0281D7E1E00E2AF01 /* SBGTimer.swift */; };
		0D6194E4281D803A00E2AF01 /* SBGInterface.swift in Sources */ = {isa = PBXBuildFile; fileRef = 0D6194E3281D803A00E2AF01 /* SBGInterface.swift */; };
		0D6194F3281EC67100E2AF01 /* MyCFunction.c in Sources */ = {isa = PBXBuildFile; fileRef = 0D6194F1281EC67100E2AF01 /* MyCFunction.c */; };
		0D6194F4281EC67100E2AF01 /* MyCFunction.h in Headers */ = {isa = PBXBuildFile; fileRef = 0D6194F2281EC67100E2AF01 /* MyCFunction.h */; settings = {ATTRIBUTES = (Public, ); }; };
		0D619500281EC76D00E2AF01 /* MyOCFunction.h in Headers */ = {isa = PBXBuildFile; fileRef = 0D6194FE281EC76D00E2AF01 /* MyOCFunction.h */; settings = {ATTRIBUTES = (Public, ); }; };
		0D619501281EC76D00E2AF01 /* MyOCFunction.m in Sources */ = {isa = PBXBuildFile; fileRef = 0D6194FF281EC76D00E2AF01 /* MyOCFunction.m */; };
		0D619505281FF43300E2AF01 /* SBGClosures.swift in Sources */ = {isa = PBXBuildFile; fileRef = 0D619504281FF43300E2AF01 /* SBGClosures.swift */; };
/* End PBXBuildFile section */

/* Begin PBXContainerItemProxy section */
		0D0DBB5F281AB9A60087D77E /* PBXContainerItemProxy */ = {
			isa = PBXContainerItemProxy;
			containerPortal = 0D0DBB4A281AB9A60087D77E /* Project object */;
			proxyType = 1;
			remoteGlobalIDString = 0D0DBB52281AB9A60087D77E;
			remoteInfo = SwiftBagu;
		};
/* End PBXContainerItemProxy section */

/* Begin PBXFileReference section */
		0D01F424281BB09800794410 /* SBGKWords.swift */ = {isa = PBXFileReference; lastKnownFileType = sourcecode.swift; path = SBGKWords.swift; sourceTree = "<group>"; };
		0D0DBB53281AB9A60087D77E /* SwiftBagu.framework */ = {isa = PBXFileReference; explicitFileType = wrapper.framework; includeInIndex = 0; path = SwiftBagu.framework; sourceTree = BUILT_PRODUCTS_DIR; };
		0D0DBB56281AB9A60087D77E /* SwiftBagu.h */ = {isa = PBXFileReference; lastKnownFileType = sourcecode.c.h; path = SwiftBagu.h; sourceTree = "<group>"; };
		0D0DBB5D281AB9A60087D77E /* SwiftBaguTests.xctest */ = {isa = PBXFileReference; explicitFileType = wrapper.cfbundle; includeInIndex = 0; path = SwiftBaguTests.xctest; sourceTree = BUILT_PRODUCTS_DIR; };
		0D0DBB62281AB9A60087D77E /* SwiftBaguTests.swift */ = {isa = PBXFileReference; lastKnownFileType = sourcecode.swift; path = SwiftBaguTests.swift; sourceTree = "<group>"; };
		0D0DBB6D281AC1230087D77E /* SBGStringFormatter.swift */ = {isa = PBXFileReference; lastKnownFileType = sourcecode.swift; path = SBGStringFormatter.swift; sourceTree = "<group>"; };
		0D6194E0281D7E1E00E2AF01 /* SBGTimer.swift */ = {isa = PBXFileReference; lastKnownFileType = sourcecode.swift; path = SBGTimer.swift; sourceTree = "<group>"; };
		0D6194E3281D803A00E2AF01 /* SBGInterface.swift */ = {isa = PBXFileReference; lastKnownFileType = sourcecode.swift; path = SBGInterface.swift; sourceTree = "<group>"; };
		0D6194F1281EC67100E2AF01 /* MyCFunction.c */ = {isa = PBXFileReference; fileEncoding = 4; lastKnownFileType = sourcecode.c.c; path = MyCFunction.c; sourceTree = "<group>"; };
		0D6194F2281EC67100E2AF01 /* MyCFunction.h */ = {isa = PBXFileReference; fileEncoding = 4; lastKnownFileType = sourcecode.c.h; path = MyCFunction.h; sourceTree = "<group>"; };
		0D6194FE281EC76D00E2AF01 /* MyOCFunction.h */ = {isa = PBXFileReference; fileEncoding = 4; lastKnownFileType = sourcecode.c.h; path = MyOCFunction.h; sourceTree = "<group>"; };
		0D6194FF281EC76D00E2AF01 /* MyOCFunction.m */ = {isa = PBXFileReference; fileEncoding = 4; lastKnownFileType = sourcecode.c.objc; path = MyOCFunction.m; sourceTree = "<group>"; };
		0D619504281FF43300E2AF01 /* SBGClosures.swift */ = {isa = PBXFileReference; lastKnownFileType = sourcecode.swift; path = SBGClosures.swift; sourceTree = "<group>"; };
/* End PBXFileReference section */

/* Begin PBXFrameworksBuildPhase section */
		0D0DBB50281AB9A60087D77E /* Frameworks */ = {
			isa = PBXFrameworksBuildPhase;
			buildActionMask = 2147483647;
			files = (
			);
			runOnlyForDeploymentPostprocessing = 0;
		};
		0D0DBB5A281AB9A60087D77E /* Frameworks */ = {
			isa = PBXFrameworksBuildPhase;
			buildActionMask = 2147483647;
			files = (
				0D0DBB5E281AB9A60087D77E /* SwiftBagu.framework in Frameworks */,
			);
			runOnlyForDeploymentPostprocessing = 0;
		};
/* End PBXFrameworksBuildPhase section */

/* Begin PBXGroup section */
		0D01F423281BB07900794410 /* Keywords */ = {
			isa = PBXGroup;
			children = (
				0D6194F1281EC67100E2AF01 /* MyCFunction.c */,
				0D6194F2281EC67100E2AF01 /* MyCFunction.h */,
				0D01F424281BB09800794410 /* SBGKWords.swift */,
			);
			path = Keywords;
			sourceTree = "<group>";
		};
		0D0DBB49281AB9A60087D77E = {
			isa = PBXGroup;
			children = (
				0D0DBB55281AB9A60087D77E /* SwiftBagu */,
				0D0DBB61281AB9A60087D77E /* SwiftBaguTests */,
				0D0DBB54281AB9A60087D77E /* Products */,
			);
			sourceTree = "<group>";
		};
		0D0DBB54281AB9A60087D77E /* Products */ = {
			isa = PBXGroup;
			children = (
				0D0DBB53281AB9A60087D77E /* SwiftBagu.framework */,
				0D0DBB5D281AB9A60087D77E /* SwiftBaguTests.xctest */,
			);
			name = Products;
			sourceTree = "<group>";
		};
		0D0DBB55281AB9A60087D77E /* SwiftBagu */ = {
			isa = PBXGroup;
			children = (
				0D0DBB56281AB9A60087D77E /* SwiftBagu.h */,
				0D6194E3281D803A00E2AF01 /* SBGInterface.swift */,
				0D619503281FF41D00E2AF01 /* Closures */,
				0D01F423281BB07900794410 /* Keywords */,
				0D6194FD281EC75400E2AF01 /* ObjC */,
				0D6194DF281D7DBE00E2AF01 /* String */,
				0D6194DE281D7D9800E2AF01 /* Timer */,
			);
			path = SwiftBagu;
			sourceTree = "<group>";
		};
		0D0DBB61281AB9A60087D77E /* SwiftBaguTests */ = {
			isa = PBXGroup;
			children = (
				0D0DBB62281AB9A60087D77E /* SwiftBaguTests.swift */,
			);
			path = SwiftBaguTests;
			sourceTree = "<group>";
		};
		0D6194DE281D7D9800E2AF01 /* Timer */ = {
			isa = PBXGroup;
			children = (
				0D6194E0281D7E1E00E2AF01 /* SBGTimer.swift */,
			);
			path = Timer;
			sourceTree = "<group>";
		};
		0D6194DF281D7DBE00E2AF01 /* String */ = {
			isa = PBXGroup;
			children = (
				0D0DBB6D281AC1230087D77E /* SBGStringFormatter.swift */,
			);
			path = String;
			sourceTree = "<group>";
		};
		0D6194FD281EC75400E2AF01 /* ObjC */ = {
			isa = PBXGroup;
			children = (
				0D6194FE281EC76D00E2AF01 /* MyOCFunction.h */,
				0D6194FF281EC76D00E2AF01 /* MyOCFunction.m */,
			);
			path = ObjC;
			sourceTree = "<group>";
		};
		0D619503281FF41D00E2AF01 /* Closures */ = {
			isa = PBXGroup;
			children = (
				0D619504281FF43300E2AF01 /* SBGClosures.swift */,
			);
			path = Closures;
			sourceTree = "<group>";
		};
/* End PBXGroup section */

/* Begin PBXHeadersBuildPhase section */
		0D0DBB4E281AB9A60087D77E /* Headers */ = {
			isa = PBXHeadersBuildPhase;
			buildActionMask = 2147483647;
			files = (
				0D619500281EC76D00E2AF01 /* MyOCFunction.h in Headers */,
				0D6194F4281EC67100E2AF01 /* MyCFunction.h in Headers */,
				0D0DBB64281AB9A60087D77E /* SwiftBagu.h in Headers */,
			);
			runOnlyForDeploymentPostprocessing = 0;
		};
/* End PBXHeadersBuildPhase section */

/* Begin PBXNativeTarget section */
		0D0DBB52281AB9A60087D77E /* SwiftBagu */ = {
			isa = PBXNativeTarget;
			buildConfigurationList = 0D0DBB67281AB9A60087D77E /* Build configuration list for PBXNativeTarget "SwiftBagu" */;
			buildPhases = (
				0D0DBB4E281AB9A60087D77E /* Headers */,
				0D0DBB4F281AB9A60087D77E /* Sources */,
				0D0DBB50281AB9A60087D77E /* Frameworks */,
				0D0DBB51281AB9A60087D77E /* Resources */,
			);
			buildRules = (
			);
			dependencies = (
			);
			name = SwiftBagu;
			productName = SwiftBagu;
			productReference = 0D0DBB53281AB9A60087D77E /* SwiftBagu.framework */;
			productType = "com.apple.product-type.framework";
		};
		0D0DBB5C281AB9A60087D77E /* SwiftBaguTests */ = {
			isa = PBXNativeTarget;
			buildConfigurationList = 0D0DBB6A281AB9A60087D77E /* Build configuration list for PBXNativeTarget "SwiftBaguTests" */;
			buildPhases = (
				0D0DBB59281AB9A60087D77E /* Sources */,
				0D0DBB5A281AB9A60087D77E /* Frameworks */,
				0D0DBB5B281AB9A60087D77E /* Resources */,
			);
			buildRules = (
			);
			dependencies = (
				0D0DBB60281AB9A60087D77E /* PBXTargetDependency */,
			);
			name = SwiftBaguTests;
			productName = SwiftBaguTests;
			productReference = 0D0DBB5D281AB9A60087D77E /* SwiftBaguTests.xctest */;
			productType = "com.apple.product-type.bundle.unit-test";
		};
/* End PBXNativeTarget section */

/* Begin PBXProject section */
		0D0DBB4A281AB9A60087D77E /* Project object */ = {
			isa = PBXProject;
			attributes = {
				BuildIndependentTargetsInParallel = 1;
				LastSwiftUpdateCheck = 1330;
				LastUpgradeCheck = 1330;
				TargetAttributes = {
					0D0DBB52281AB9A60087D77E = {
						CreatedOnToolsVersion = 13.3.1;
						LastSwiftMigration = 1330;
					};
					0D0DBB5C281AB9A60087D77E = {
						CreatedOnToolsVersion = 13.3.1;
					};
				};
			};
			buildConfigurationList = 0D0DBB4D281AB9A60087D77E /* Build configuration list for PBXProject "SwiftBagu" */;
			compatibilityVersion = "Xcode 13.0";
			developmentRegion = en;
			hasScannedForEncodings = 0;
			knownRegions = (
				en,
				Base,
			);
			mainGroup = 0D0DBB49281AB9A60087D77E;
			productRefGroup = 0D0DBB54281AB9A60087D77E /* Products */;
			projectDirPath = "";
			projectRoot = "";
			targets = (
				0D0DBB52281AB9A60087D77E /* SwiftBagu */,
				0D0DBB5C281AB9A60087D77E /* SwiftBaguTests */,
			);
		};
/* End PBXProject section */

/* Begin PBXResourcesBuildPhase section */
		0D0DBB51281AB9A60087D77E /* Resources */ = {
			isa = PBXResourcesBuildPhase;
			buildActionMask = 2147483647;
			files = (
			);
			runOnlyForDeploymentPostprocessing = 0;
		};
		0D0DBB5B281AB9A60087D77E /* Resources */ = {
			isa = PBXResourcesBuildPhase;
			buildActionMask = 2147483647;
			files = (
			);
			runOnlyForDeploymentPostprocessing = 0;
		};
/* End PBXResourcesBuildPhase section */

/* Begin PBXSourcesBuildPhase section */
		0D0DBB4F281AB9A60087D77E /* Sources */ = {
			isa = PBXSourcesBuildPhase;
			buildActionMask = 2147483647;
			files = (
				0D0DBB6E281AC1230087D77E /* SBGStringFormatter.swift in Sources */,
				0D619501281EC76D00E2AF01 /* MyOCFunction.m in Sources */,
				0D01F425281BB09800794410 /* SBGKWords.swift in Sources */,
				0D619505281FF43300E2AF01 /* SBGClosures.swift in Sources */,
				0D6194E4281D803A00E2AF01 /* SBGInterface.swift in Sources */,
				0D6194E1281D7E1E00E2AF01 /* SBGTimer.swift in Sources */,
				0D6194F3281EC67100E2AF01 /* MyCFunction.c in Sources */,
			);
			runOnlyForDeploymentPostprocessing = 0;
		};
		0D0DBB59281AB9A60087D77E /* Sources */ = {
			isa = PBXSourcesBuildPhase;
			buildActionMask = 2147483647;
			files = (
				0D0DBB63281AB9A60087D77E /* SwiftBaguTests.swift in Sources */,
			);
			runOnlyForDeploymentPostprocessing = 0;
		};
/* End PBXSourcesBuildPhase section */

/* Begin PBXTargetDependency section */
		0D0DBB60281AB9A60087D77E /* PBXTargetDependency */ = {
			isa = PBXTargetDependency;
			target = 0D0DBB52281AB9A60087D77E /* SwiftBagu */;
			targetProxy = 0D0DBB5F281AB9A60087D77E /* PBXContainerItemProxy */;
		};
/* End PBXTargetDependency section */

/* Begin XCBuildConfiguration section */
		0D0DBB65281AB9A60087D77E /* Debug */ = {
			isa = XCBuildConfiguration;
			buildSettings = {
				ALWAYS_SEARCH_USER_PATHS = NO;
				CLANG_ANALYZER_NONNULL = YES;
				CLANG_ANALYZER_NUMBER_OBJECT_CONVERSION = YES_AGGRESSIVE;
				CLANG_CXX_LANGUAGE_STANDARD = "gnu++17";
				CLANG_ENABLE_MODULES = YES;
				CLANG_ENABLE_OBJC_ARC = YES;
				CLANG_ENABLE_OBJC_WEAK = YES;
				CLANG_WARN_BLOCK_CAPTURE_AUTORELEASING = YES;
				CLANG_WARN_BOOL_CONVERSION = YES;
				CLANG_WARN_COMMA = YES;
				CLANG_WARN_CONSTANT_CONVERSION = YES;
				CLANG_WARN_DEPRECATED_OBJC_IMPLEMENTATIONS = YES;
				CLANG_WARN_DIRECT_OBJC_ISA_USAGE = YES_ERROR;
				CLANG_WARN_DOCUMENTATION_COMMENTS = YES;
				CLANG_WARN_EMPTY_BODY = YES;
				CLANG_WARN_ENUM_CONVERSION = YES;
				CLANG_WARN_INFINITE_RECURSION = YES;
				CLANG_WARN_INT_CONVERSION = YES;
				CLANG_WARN_NON_LITERAL_NULL_CONVERSION = YES;
				CLANG_WARN_OBJC_IMPLICIT_RETAIN_SELF = YES;
				CLANG_WARN_OBJC_LITERAL_CONVERSION = YES;
				CLANG_WARN_OBJC_ROOT_CLASS = YES_ERROR;
				CLANG_WARN_QUOTED_INCLUDE_IN_FRAMEWORK_HEADER = YES;
				CLANG_WARN_RANGE_LOOP_ANALYSIS = YES;
				CLANG_WARN_STRICT_PROTOTYPES = YES;
				CLANG_WARN_SUSPICIOUS_MOVE = YES;
				CLANG_WARN_UNGUARDED_AVAILABILITY = YES_AGGRESSIVE;
				CLANG_WARN_UNREACHABLE_CODE = YES;
				CLANG_WARN__DUPLICATE_METHOD_MATCH = YES;
				COPY_PHASE_STRIP = NO;
				CURRENT_PROJECT_VERSION = 1;
				DEBUG_INFORMATION_FORMAT = dwarf;
				ENABLE_STRICT_OBJC_MSGSEND = YES;
				ENABLE_TESTABILITY = YES;
				GCC_C_LANGUAGE_STANDARD = gnu11;
				GCC_DYNAMIC_NO_PIC = NO;
				GCC_NO_COMMON_BLOCKS = YES;
				GCC_OPTIMIZATION_LEVEL = 0;
				GCC_PREPROCESSOR_DEFINITIONS = (
					"DEBUG=1",
					"$(inherited)",
				);
				GCC_WARN_64_TO_32_BIT_CONVERSION = YES;
				GCC_WARN_ABOUT_RETURN_TYPE = YES_ERROR;
				GCC_WARN_UNDECLARED_SELECTOR = YES;
				GCC_WARN_UNINITIALIZED_AUTOS = YES_AGGRESSIVE;
				GCC_WARN_UNUSED_FUNCTION = YES;
				GCC_WARN_UNUSED_VARIABLE = YES;
				IPHONEOS_DEPLOYMENT_TARGET = 15.4;
				MTL_ENABLE_DEBUG_INFO = INCLUDE_SOURCE;
				MTL_FAST_MATH = YES;
				ONLY_ACTIVE_ARCH = YES;
				SDKROOT = iphoneos;
				SWIFT_ACTIVE_COMPILATION_CONDITIONS = DEBUG;
				SWIFT_OPTIMIZATION_LEVEL = "-Onone";
				VERSIONING_SYSTEM = "apple-generic";
				VERSION_INFO_PREFIX = "";
			};
			name = Debug;
		};
		0D0DBB66281AB9A60087D77E /* Release */ = {
			isa = XCBuildConfiguration;
			buildSettings = {
				ALWAYS_SEARCH_USER_PATHS = NO;
				CLANG_ANALYZER_NONNULL = YES;
				CLANG_ANALYZER_NUMBER_OBJECT_CONVERSION = YES_AGGRESSIVE;
				CLANG_CXX_LANGUAGE_STANDARD = "gnu++17";
				CLANG_ENABLE_MODULES = YES;
				CLANG_ENABLE_OBJC_ARC = YES;
				CLANG_ENABLE_OBJC_WEAK = YES;
				CLANG_WARN_BLOCK_CAPTURE_AUTORELEASING = YES;
				CLANG_WARN_BOOL_CONVERSION = YES;
				CLANG_WARN_COMMA = YES;
				CLANG_WARN_CONSTANT_CONVERSION = YES;
				CLANG_WARN_DEPRECATED_OBJC_IMPLEMENTATIONS = YES;
				CLANG_WARN_DIRECT_OBJC_ISA_USAGE = YES_ERROR;
				CLANG_WARN_DOCUMENTATION_COMMENTS = YES;
				CLANG_WARN_EMPTY_BODY = YES;
				CLANG_WARN_ENUM_CONVERSION = YES;
				CLANG_WARN_INFINITE_RECURSION = YES;
				CLANG_WARN_INT_CONVERSION = YES;
				CLANG_WARN_NON_LITERAL_NULL_CONVERSION = YES;
				CLANG_WARN_OBJC_IMPLICIT_RETAIN_SELF = YES;
				CLANG_WARN_OBJC_LITERAL_CONVERSION = YES;
				CLANG_WARN_OBJC_ROOT_CLASS = YES_ERROR;
				CLANG_WARN_QUOTED_INCLUDE_IN_FRAMEWORK_HEADER = YES;
				CLANG_WARN_RANGE_LOOP_ANALYSIS = YES;
				CLANG_WARN_STRICT_PROTOTYPES = YES;
				CLANG_WARN_SUSPICIOUS_MOVE = YES;
				CLANG_WARN_UNGUARDED_AVAILABILITY = YES_AGGRESSIVE;
				CLANG_WARN_UNREACHABLE_CODE = YES;
				CLANG_WARN__DUPLICATE_METHOD_MATCH = YES;
				COPY_PHASE_STRIP = NO;
				CURRENT_PROJECT_VERSION = 1;
				DEBUG_INFORMATION_FORMAT = "dwarf-with-dsym";
				ENABLE_NS_ASSERTIONS = NO;
				ENABLE_STRICT_OBJC_MSGSEND = YES;
				GCC_C_LANGUAGE_STANDARD = gnu11;
				GCC_NO_COMMON_BLOCKS = YES;
				GCC_WARN_64_TO_32_BIT_CONVERSION = YES;
				GCC_WARN_ABOUT_RETURN_TYPE = YES_ERROR;
				GCC_WARN_UNDECLARED_SELECTOR = YES;
				GCC_WARN_UNINITIALIZED_AUTOS = YES_AGGRESSIVE;
				GCC_WARN_UNUSED_FUNCTION = YES;
				GCC_WARN_UNUSED_VARIABLE = YES;
				IPHONEOS_DEPLOYMENT_TARGET = 15.4;
				MTL_ENABLE_DEBUG_INFO = NO;
				MTL_FAST_MATH = YES;
				SDKROOT = iphoneos;
				SWIFT_COMPILATION_MODE = wholemodule;
				SWIFT_OPTIMIZATION_LEVEL = "-O";
				VALIDATE_PRODUCT = YES;
				VERSIONING_SYSTEM = "apple-generic";
				VERSION_INFO_PREFIX = "";
			};
			name = Release;
		};
		0D0DBB68281AB9A60087D77E /* Debug */ = {
			isa = XCBuildConfiguration;
			buildSettings = {
				CLANG_ENABLE_MODULES = YES;
				CODE_SIGN_STYLE = Automatic;
				CURRENT_PROJECT_VERSION = 1;
				DEFINES_MODULE = YES;
				DYLIB_COMPATIBILITY_VERSION = 1;
				DYLIB_CURRENT_VERSION = 1;
				DYLIB_INSTALL_NAME_BASE = "@rpath";
				GENERATE_INFOPLIST_FILE = YES;
				INFOPLIST_KEY_NSHumanReadableCopyright = "";
				INSTALL_PATH = "$(LOCAL_LIBRARY_DIR)/Frameworks";
				LD_RUNPATH_SEARCH_PATHS = (
					"$(inherited)",
					"@executable_path/Frameworks",
					"@loader_path/Frameworks",
				);
				MACH_O_TYPE = staticlib;
				MARKETING_VERSION = 1.0;
				PRODUCT_BUNDLE_IDENTIFIER = Ryder.SwiftBagu;
				PRODUCT_NAME = "$(TARGET_NAME:c99extidentifier)";
				SKIP_INSTALL = YES;
				SWIFT_EMIT_LOC_STRINGS = YES;
				SWIFT_OPTIMIZATION_LEVEL = "-Onone";
				SWIFT_VERSION = 5.0;
				TARGETED_DEVICE_FAMILY = "1,2";
			};
			name = Debug;
		};
		0D0DBB69281AB9A60087D77E /* Release */ = {
			isa = XCBuildConfiguration;
			buildSettings = {
				CLANG_ENABLE_MODULES = YES;
				CODE_SIGN_STYLE = Automatic;
				CURRENT_PROJECT_VERSION = 1;
				DEFINES_MODULE = YES;
				DYLIB_COMPATIBILITY_VERSION = 1;
				DYLIB_CURRENT_VERSION = 1;
				DYLIB_INSTALL_NAME_BASE = "@rpath";
				GENERATE_INFOPLIST_FILE = YES;
				INFOPLIST_KEY_NSHumanReadableCopyright = "";
				INSTALL_PATH = "$(LOCAL_LIBRARY_DIR)/Frameworks";
				LD_RUNPATH_SEARCH_PATHS = (
					"$(inherited)",
					"@executable_path/Frameworks",
					"@loader_path/Frameworks",
				);
				MACH_O_TYPE = staticlib;
				MARKETING_VERSION = 1.0;
				PRODUCT_BUNDLE_IDENTIFIER = Ryder.SwiftBagu;
				PRODUCT_NAME = "$(TARGET_NAME:c99extidentifier)";
				SKIP_INSTALL = YES;
				SWIFT_EMIT_LOC_STRINGS = YES;
				SWIFT_VERSION = 5.0;
				TARGETED_DEVICE_FAMILY = "1,2";
			};
			name = Release;
		};
		0D0DBB6B281AB9A60087D77E /* Debug */ = {
			isa = XCBuildConfiguration;
			buildSettings = {
				ALWAYS_EMBED_SWIFT_STANDARD_LIBRARIES = YES;
				CODE_SIGN_STYLE = Automatic;
				CURRENT_PROJECT_VERSION = 1;
				GENERATE_INFOPLIST_FILE = YES;
				MARKETING_VERSION = 1.0;
				PRODUCT_BUNDLE_IDENTIFIER = Ryder.SwiftBaguTests;
				PRODUCT_NAME = "$(TARGET_NAME)";
				SWIFT_EMIT_LOC_STRINGS = NO;
				SWIFT_VERSION = 5.0;
				TARGETED_DEVICE_FAMILY = "1,2";
			};
			name = Debug;
		};
		0D0DBB6C281AB9A60087D77E /* Release */ = {
			isa = XCBuildConfiguration;
			buildSettings = {
				ALWAYS_EMBED_SWIFT_STANDARD_LIBRARIES = YES;
				CODE_SIGN_STYLE = Automatic;
				CURRENT_PROJECT_VERSION = 1;
				GENERATE_INFOPLIST_FILE = YES;
				MARKETING_VERSION = 1.0;
				PRODUCT_BUNDLE_IDENTIFIER = Ryder.SwiftBaguTests;
				PRODUCT_NAME = "$(TARGET_NAME)";
				SWIFT_EMIT_LOC_STRINGS = NO;
				SWIFT_VERSION = 5.0;
				TARGETED_DEVICE_FAMILY = "1,2";
			};
			name = Release;
		};
/* End XCBuildConfiguration section */

/* Begin XCConfigurationList section */
		0D0DBB4D281AB9A60087D77E /* Build configuration list for PBXProject "SwiftBagu" */ = {
			isa = XCConfigurationList;
			buildConfigurations = (
				0D0DBB65281AB9A60087D77E /* Debug */,
				0D0DBB66281AB9A60087D77E /* Release */,
			);
			defaultConfigurationIsVisible = 0;
			defaultConfigurationName = Release;
		};
		0D0DBB67281AB9A60087D77E /* Build configuration list for PBXNativeTarget "SwiftBagu" */ = {
			isa = XCConfigurationList;
			buildConfigurations = (
				0D0DBB68281AB9A60087D77E /* Debug */,
				0D0DBB69281AB9A60087D77E /* Release */,
			);
			defaultConfigurationIsVisible = 0;
			defaultConfigurationName = Release;
		};
		0D0DBB6A281AB9A60087D77E /* Build configuration list for PBXNativeTarget "SwiftBaguTests" */ = {
			isa = XCConfigurationList;
			buildConfigurations = (
				0D0DBB6B281AB9A60087D77E /* Debug */,
				0D0DBB6C281AB9A60087D77E /* Release */,
			);
			defaultConfigurationIsVisible = 0;
			defaultConfigurationName = Release;
		};
/* End XCConfigurationList section */
	};
	rootObject = 0D0DBB4A281AB9A60087D77E /* Project object */;
}
