// !$*UTF8*$!
{
	archiveVersion = 1;
	classes = {
	};
	objectVersion = 50;
	objects = {

/* Begin PBXBuildFile section */
		0D1A813E271EB9B700A42EFD /* OCMRC.m in Sources */ = {isa = PBXBuildFile; fileRef = 0D1A813D271EB9B700A42EFD /* OCMRC.m */; settings = {COMPILER_FLAGS = "-fno-objc-arc"; }; };
		0D669A48271EC24500E191C9 /* OCMethodSwizzling.m in Sources */ = {isa = PBXBuildFile; fileRef = 0D669A47271EC24500E191C9 /* OCMethodSwizzling.m */; };
		0D84B7282716D68D007CB183 /* main.m in Sources */ = {isa = PBXBuildFile; fileRef = 0D84B7272716D68D007CB183 /* main.m */; };
		0D84B73F2716DB9B007CB183 /* OCProperty.m in Sources */ = {isa = PBXBuildFile; fileRef = 0D84B73E2716DB9B007CB183 /* OCProperty.m */; };
		0D84B7422716DC4C007CB183 /* OCARC.m in Sources */ = {isa = PBXBuildFile; fileRef = 0D84B7412716DC4C007CB183 /* OCARC.m */; };
		0D84B76A271811AE007CB183 /* OCTimer.m in Sources */ = {isa = PBXBuildFile; fileRef = 0D84B769271811AE007CB183 /* OCTimer.m */; };
		0D84B7DC27181729007CB183 /* NSTimer+RRKit.m in Sources */ = {isa = PBXBuildFile; fileRef = 0D84B7DB27181729007CB183 /* NSTimer+RRKit.m */; };
		0D84B7DF2718345C007CB183 /* OCWeakObj.m in Sources */ = {isa = PBXBuildFile; fileRef = 0D84B7DE2718345C007CB183 /* OCWeakObj.m */; };
		0D84B7E2271847F0007CB183 /* OCWeakProxy.m in Sources */ = {isa = PBXBuildFile; fileRef = 0D84B7E1271847F0007CB183 /* OCWeakProxy.m */; };
		0D84B7E52718513F007CB183 /* OCMsgForwarding.m in Sources */ = {isa = PBXBuildFile; fileRef = 0D84B7E42718513F007CB183 /* OCMsgForwarding.m */; };
		0D84B8572719298D007CB183 /* OCAutoReleasePool.mm in Sources */ = {isa = PBXBuildFile; fileRef = 0D84B8562719298D007CB183 /* OCAutoReleasePool.mm */; };
		0D84B85A2719328E007CB183 /* OCRunloop.m in Sources */ = {isa = PBXBuildFile; fileRef = 0D84B8592719328E007CB183 /* OCRunloop.m */; };
		0DBB448A271EE94800F9C479 /* OCCategory.m in Sources */ = {isa = PBXBuildFile; fileRef = 0DBB4489271EE94800F9C479 /* OCCategory.m */; };
		0DBB448D271EEA5C00F9C479 /* OCCategory+T1.m in Sources */ = {isa = PBXBuildFile; fileRef = 0DBB448C271EEA5C00F9C479 /* OCCategory+T1.m */; };
		0DBB4490271EEA6800F9C479 /* OCCategory+T2.m in Sources */ = {isa = PBXBuildFile; fileRef = 0DBB448F271EEA6800F9C479 /* OCCategory+T2.m */; };
/* End PBXBuildFile section */

/* Begin PBXCopyFilesBuildPhase section */
		0D84B7222716D68D007CB183 /* CopyFiles */ = {
			isa = PBXCopyFilesBuildPhase;
			buildActionMask = 2147483647;
			dstPath = /usr/share/man/man1/;
			dstSubfolderSpec = 0;
			files = (
			);
			runOnlyForDeploymentPostprocessing = 1;
		};
/* End PBXCopyFilesBuildPhase section */

/* Begin PBXFileReference section */
		0D1A813C271EB9B700A42EFD /* OCMRC.h */ = {isa = PBXFileReference; lastKnownFileType = sourcecode.c.h; path = OCMRC.h; sourceTree = "<group>"; };
		0D1A813D271EB9B700A42EFD /* OCMRC.m */ = {isa = PBXFileReference; lastKnownFileType = sourcecode.c.objc; path = OCMRC.m; sourceTree = "<group>"; };
		0D669A46271EC24500E191C9 /* OCMethodSwizzling.h */ = {isa = PBXFileReference; lastKnownFileType = sourcecode.c.h; path = OCMethodSwizzling.h; sourceTree = "<group>"; };
		0D669A47271EC24500E191C9 /* OCMethodSwizzling.m */ = {isa = PBXFileReference; lastKnownFileType = sourcecode.c.objc; path = OCMethodSwizzling.m; sourceTree = "<group>"; };
		0D84B7242716D68D007CB183 /* ObjcBagu */ = {isa = PBXFileReference; explicitFileType = "compiled.mach-o.executable"; includeInIndex = 0; path = ObjcBagu; sourceTree = BUILT_PRODUCTS_DIR; };
		0D84B7272716D68D007CB183 /* main.m */ = {isa = PBXFileReference; lastKnownFileType = sourcecode.c.objc; path = main.m; sourceTree = "<group>"; };
		0D84B73D2716DB9B007CB183 /* OCProperty.h */ = {isa = PBXFileReference; lastKnownFileType = sourcecode.c.h; path = OCProperty.h; sourceTree = "<group>"; };
		0D84B73E2716DB9B007CB183 /* OCProperty.m */ = {isa = PBXFileReference; lastKnownFileType = sourcecode.c.objc; path = OCProperty.m; sourceTree = "<group>"; };
		0D84B7402716DC4C007CB183 /* OCARC.h */ = {isa = PBXFileReference; lastKnownFileType = sourcecode.c.h; path = OCARC.h; sourceTree = "<group>"; };
		0D84B7412716DC4C007CB183 /* OCARC.m */ = {isa = PBXFileReference; lastKnownFileType = sourcecode.c.objc; path = OCARC.m; sourceTree = "<group>"; };
		0D84B768271811AE007CB183 /* OCTimer.h */ = {isa = PBXFileReference; lastKnownFileType = sourcecode.c.h; path = OCTimer.h; sourceTree = "<group>"; };
		0D84B769271811AE007CB183 /* OCTimer.m */ = {isa = PBXFileReference; lastKnownFileType = sourcecode.c.objc; path = OCTimer.m; sourceTree = "<group>"; };
		0D84B7DA27181729007CB183 /* NSTimer+RRKit.h */ = {isa = PBXFileReference; lastKnownFileType = sourcecode.c.h; path = "NSTimer+RRKit.h"; sourceTree = "<group>"; };
		0D84B7DB27181729007CB183 /* NSTimer+RRKit.m */ = {isa = PBXFileReference; lastKnownFileType = sourcecode.c.objc; path = "NSTimer+RRKit.m"; sourceTree = "<group>"; };
		0D84B7DD2718345C007CB183 /* OCWeakObj.h */ = {isa = PBXFileReference; lastKnownFileType = sourcecode.c.h; path = OCWeakObj.h; sourceTree = "<group>"; };
		0D84B7DE2718345C007CB183 /* OCWeakObj.m */ = {isa = PBXFileReference; lastKnownFileType = sourcecode.c.objc; path = OCWeakObj.m; sourceTree = "<group>"; };
		0D84B7E0271847F0007CB183 /* OCWeakProxy.h */ = {isa = PBXFileReference; lastKnownFileType = sourcecode.c.h; path = OCWeakProxy.h; sourceTree = "<group>"; };
		0D84B7E1271847F0007CB183 /* OCWeakProxy.m */ = {isa = PBXFileReference; lastKnownFileType = sourcecode.c.objc; path = OCWeakProxy.m; sourceTree = "<group>"; };
		0D84B7E32718513F007CB183 /* OCMsgForwarding.h */ = {isa = PBXFileReference; lastKnownFileType = sourcecode.c.h; path = OCMsgForwarding.h; sourceTree = "<group>"; };
		0D84B7E42718513F007CB183 /* OCMsgForwarding.m */ = {isa = PBXFileReference; lastKnownFileType = sourcecode.c.objc; path = OCMsgForwarding.m; sourceTree = "<group>"; };
		0D84B8552719298D007CB183 /* OCAutoReleasePool.h */ = {isa = PBXFileReference; lastKnownFileType = sourcecode.c.h; path = OCAutoReleasePool.h; sourceTree = "<group>"; };
		0D84B8562719298D007CB183 /* OCAutoReleasePool.mm */ = {isa = PBXFileReference; lastKnownFileType = sourcecode.cpp.objcpp; path = OCAutoReleasePool.mm; sourceTree = "<group>"; };
		0D84B8582719328E007CB183 /* OCRunloop.h */ = {isa = PBXFileReference; lastKnownFileType = sourcecode.c.h; path = OCRunloop.h; sourceTree = "<group>"; };
		0D84B8592719328E007CB183 /* OCRunloop.m */ = {isa = PBXFileReference; lastKnownFileType = sourcecode.c.objc; path = OCRunloop.m; sourceTree = "<group>"; };
		0DBB4488271EE94800F9C479 /* OCCategory.h */ = {isa = PBXFileReference; lastKnownFileType = sourcecode.c.h; path = OCCategory.h; sourceTree = "<group>"; };
		0DBB4489271EE94800F9C479 /* OCCategory.m */ = {isa = PBXFileReference; lastKnownFileType = sourcecode.c.objc; path = OCCategory.m; sourceTree = "<group>"; };
		0DBB448B271EEA5C00F9C479 /* OCCategory+T1.h */ = {isa = PBXFileReference; lastKnownFileType = sourcecode.c.h; path = "OCCategory+T1.h"; sourceTree = "<group>"; };
		0DBB448C271EEA5C00F9C479 /* OCCategory+T1.m */ = {isa = PBXFileReference; lastKnownFileType = sourcecode.c.objc; path = "OCCategory+T1.m"; sourceTree = "<group>"; };
		0DBB448E271EEA6800F9C479 /* OCCategory+T2.h */ = {isa = PBXFileReference; lastKnownFileType = sourcecode.c.h; path = "OCCategory+T2.h"; sourceTree = "<group>"; };
		0DBB448F271EEA6800F9C479 /* OCCategory+T2.m */ = {isa = PBXFileReference; lastKnownFileType = sourcecode.c.objc; path = "OCCategory+T2.m"; sourceTree = "<group>"; };
/* End PBXFileReference section */

/* Begin PBXFrameworksBuildPhase section */
		0D84B7212716D68D007CB183 /* Frameworks */ = {
			isa = PBXFrameworksBuildPhase;
			buildActionMask = 2147483647;
			files = (
			);
			runOnlyForDeploymentPostprocessing = 0;
		};
/* End PBXFrameworksBuildPhase section */

/* Begin PBXGroup section */
		0D669A45271EC21200E191C9 /* MethodSwizzling */ = {
			isa = PBXGroup;
			children = (
				0D669A46271EC24500E191C9 /* OCMethodSwizzling.h */,
				0D669A47271EC24500E191C9 /* OCMethodSwizzling.m */,
			);
			path = MethodSwizzling;
			sourceTree = "<group>";
		};
		0D84B71B2716D68D007CB183 = {
			isa = PBXGroup;
			children = (
				0D84B7262716D68D007CB183 /* ObjcBagu */,
				0D84B7252716D68D007CB183 /* Products */,
			);
			sourceTree = "<group>";
		};
		0D84B7252716D68D007CB183 /* Products */ = {
			isa = PBXGroup;
			children = (
				0D84B7242716D68D007CB183 /* ObjcBagu */,
			);
			name = Products;
			sourceTree = "<group>";
		};
		0D84B7262716D68D007CB183 /* ObjcBagu */ = {
			isa = PBXGroup;
			children = (
				0D84B7272716D68D007CB183 /* main.m */,
				0D84B7342716D7D8007CB183 /* ARC */,
				0D84B7332716D7D0007CB183 /* AutoReleasePool */,
				0D84B73A2716D899007CB183 /* Block */,
				0D84B72F2716D79A007CB183 /* Category */,
				0D84B7352716D7E5007CB183 /* GCD */,
				0D84B73C2716D8C1007CB183 /* HotPatch */,
				0D84B7372716D80C007CB183 /* KVC */,
				0D84B7362716D805007CB183 /* KVO */,
				0D84B73B2716D8B9007CB183 /* MultiThread */,
				0D84B7382716D82D007CB183 /* Network */,
				0D84B7312716D7AC007CB183 /* NSTimer */,
				0D84B72E2716D771007CB183 /* Property */,
				0D84B7322716D7B4007CB183 /* Runloop */,
				0D84B7302716D7A3007CB183 /* Runtime */,
			);
			path = ObjcBagu;
			sourceTree = "<group>";
		};
		0D84B72E2716D771007CB183 /* Property */ = {
			isa = PBXGroup;
			children = (
				0D84B73D2716DB9B007CB183 /* OCProperty.h */,
				0D84B73E2716DB9B007CB183 /* OCProperty.m */,
			);
			path = Property;
			sourceTree = "<group>";
		};
		0D84B72F2716D79A007CB183 /* Category */ = {
			isa = PBXGroup;
			children = (
				0DBB4488271EE94800F9C479 /* OCCategory.h */,
				0DBB4489271EE94800F9C479 /* OCCategory.m */,
				0DBB448B271EEA5C00F9C479 /* OCCategory+T1.h */,
				0DBB448C271EEA5C00F9C479 /* OCCategory+T1.m */,
				0DBB448E271EEA6800F9C479 /* OCCategory+T2.h */,
				0DBB448F271EEA6800F9C479 /* OCCategory+T2.m */,
			);
			path = Category;
			sourceTree = "<group>";
		};
		0D84B7302716D7A3007CB183 /* Runtime */ = {
			isa = PBXGroup;
			children = (
				0D84B7392716D83D007CB183 /* MessageForwarding */,
				0D669A45271EC21200E191C9 /* MethodSwizzling */,
			);
			path = Runtime;
			sourceTree = "<group>";
		};
		0D84B7312716D7AC007CB183 /* NSTimer */ = {
			isa = PBXGroup;
			children = (
				0D84B768271811AE007CB183 /* OCTimer.h */,
				0D84B769271811AE007CB183 /* OCTimer.m */,
				0D84B7DA27181729007CB183 /* NSTimer+RRKit.h */,
				0D84B7DB27181729007CB183 /* NSTimer+RRKit.m */,
				0D84B7DD2718345C007CB183 /* OCWeakObj.h */,
				0D84B7DE2718345C007CB183 /* OCWeakObj.m */,
				0D84B7E0271847F0007CB183 /* OCWeakProxy.h */,
				0D84B7E1271847F0007CB183 /* OCWeakProxy.m */,
			);
			path = NSTimer;
			sourceTree = "<group>";
		};
		0D84B7322716D7B4007CB183 /* Runloop */ = {
			isa = PBXGroup;
			children = (
				0D84B8582719328E007CB183 /* OCRunloop.h */,
				0D84B8592719328E007CB183 /* OCRunloop.m */,
			);
			path = Runloop;
			sourceTree = "<group>";
		};
		0D84B7332716D7D0007CB183 /* AutoReleasePool */ = {
			isa = PBXGroup;
			children = (
				0D84B8552719298D007CB183 /* OCAutoReleasePool.h */,
				0D84B8562719298D007CB183 /* OCAutoReleasePool.mm */,
			);
			path = AutoReleasePool;
			sourceTree = "<group>";
		};
		0D84B7342716D7D8007CB183 /* ARC */ = {
			isa = PBXGroup;
			children = (
				0D84B7402716DC4C007CB183 /* OCARC.h */,
				0D84B7412716DC4C007CB183 /* OCARC.m */,
				0D1A813C271EB9B700A42EFD /* OCMRC.h */,
				0D1A813D271EB9B700A42EFD /* OCMRC.m */,
			);
			path = ARC;
			sourceTree = "<group>";
		};
		0D84B7352716D7E5007CB183 /* GCD */ = {
			isa = PBXGroup;
			children = (
			);
			path = GCD;
			sourceTree = "<group>";
		};
		0D84B7362716D805007CB183 /* KVO */ = {
			isa = PBXGroup;
			children = (
			);
			path = KVO;
			sourceTree = "<group>";
		};
		0D84B7372716D80C007CB183 /* KVC */ = {
			isa = PBXGroup;
			children = (
			);
			path = KVC;
			sourceTree = "<group>";
		};
		0D84B7382716D82D007CB183 /* Network */ = {
			isa = PBXGroup;
			children = (
			);
			path = Network;
			sourceTree = "<group>";
		};
		0D84B7392716D83D007CB183 /* MessageForwarding */ = {
			isa = PBXGroup;
			children = (
				0D84B7E32718513F007CB183 /* OCMsgForwarding.h */,
				0D84B7E42718513F007CB183 /* OCMsgForwarding.m */,
			);
			path = MessageForwarding;
			sourceTree = "<group>";
		};
		0D84B73A2716D899007CB183 /* Block */ = {
			isa = PBXGroup;
			children = (
			);
			path = Block;
			sourceTree = "<group>";
		};
		0D84B73B2716D8B9007CB183 /* MultiThread */ = {
			isa = PBXGroup;
			children = (
			);
			path = MultiThread;
			sourceTree = "<group>";
		};
		0D84B73C2716D8C1007CB183 /* HotPatch */ = {
			isa = PBXGroup;
			children = (
			);
			path = HotPatch;
			sourceTree = "<group>";
		};
/* End PBXGroup section */

/* Begin PBXNativeTarget section */
		0D84B7232716D68D007CB183 /* ObjcBagu */ = {
			isa = PBXNativeTarget;
			buildConfigurationList = 0D84B72B2716D68D007CB183 /* Build configuration list for PBXNativeTarget "ObjcBagu" */;
			buildPhases = (
				0D84B7202716D68D007CB183 /* Sources */,
				0D84B7212716D68D007CB183 /* Frameworks */,
				0D84B7222716D68D007CB183 /* CopyFiles */,
			);
			buildRules = (
			);
			dependencies = (
			);
			name = ObjcBagu;
			productName = ObjcBagu;
			productReference = 0D84B7242716D68D007CB183 /* ObjcBagu */;
			productType = "com.apple.product-type.tool";
		};
/* End PBXNativeTarget section */

/* Begin PBXProject section */
		0D84B71C2716D68D007CB183 /* Project object */ = {
			isa = PBXProject;
			attributes = {
				LastUpgradeCheck = 1300;
				ORGANIZATIONNAME = Ryder;
				TargetAttributes = {
					0D84B7232716D68D007CB183 = {
						CreatedOnToolsVersion = 12.5;
					};
				};
			};
			buildConfigurationList = 0D84B71F2716D68D007CB183 /* Build configuration list for PBXProject "ObjcBagu" */;
			compatibilityVersion = "Xcode 9.3";
			developmentRegion = en;
			hasScannedForEncodings = 0;
			knownRegions = (
				en,
				Base,
			);
			mainGroup = 0D84B71B2716D68D007CB183;
			productRefGroup = 0D84B7252716D68D007CB183 /* Products */;
			projectDirPath = "";
			projectRoot = "";
			targets = (
				0D84B7232716D68D007CB183 /* ObjcBagu */,
			);
		};
/* End PBXProject section */

/* Begin PBXSourcesBuildPhase section */
		0D84B7202716D68D007CB183 /* Sources */ = {
			isa = PBXSourcesBuildPhase;
			buildActionMask = 2147483647;
			files = (
				0D84B8572719298D007CB183 /* OCAutoReleasePool.mm in Sources */,
				0D84B7E52718513F007CB183 /* OCMsgForwarding.m in Sources */,
				0D1A813E271EB9B700A42EFD /* OCMRC.m in Sources */,
				0D84B7422716DC4C007CB183 /* OCARC.m in Sources */,
				0D84B73F2716DB9B007CB183 /* OCProperty.m in Sources */,
				0D84B7282716D68D007CB183 /* main.m in Sources */,
				0D669A48271EC24500E191C9 /* OCMethodSwizzling.m in Sources */,
				0D84B7DC27181729007CB183 /* NSTimer+RRKit.m in Sources */,
				0D84B7E2271847F0007CB183 /* OCWeakProxy.m in Sources */,
				0D84B85A2719328E007CB183 /* OCRunloop.m in Sources */,
				0D84B76A271811AE007CB183 /* OCTimer.m in Sources */,
				0DBB448D271EEA5C00F9C479 /* OCCategory+T1.m in Sources */,
				0DBB4490271EEA6800F9C479 /* OCCategory+T2.m in Sources */,
				0DBB448A271EE94800F9C479 /* OCCategory.m in Sources */,
				0D84B7DF2718345C007CB183 /* OCWeakObj.m in Sources */,
			);
			runOnlyForDeploymentPostprocessing = 0;
		};
/* End PBXSourcesBuildPhase section */

/* Begin XCBuildConfiguration section */
		0D84B7292716D68D007CB183 /* Debug */ = {
			isa = XCBuildConfiguration;
			buildSettings = {
				ALWAYS_SEARCH_USER_PATHS = NO;
				CLANG_ANALYZER_NONNULL = YES;
				CLANG_ANALYZER_NUMBER_OBJECT_CONVERSION = YES_AGGRESSIVE;
				CLANG_CXX_LANGUAGE_STANDARD = "gnu++14";
				CLANG_CXX_LIBRARY = "libc++";
				CLANG_ENABLE_MODULES = YES;
				CLANG_ENABLE_OBJC_ARC = YES;
				CLANG_ENABLE_OBJC_WEAK = YES;
				CLANG_WARN_BLOCK_CAPTURE_AUTORELEASING = YES;
				CLANG_WARN_BOOL_CONVERSION = YES;
				CLANG_WARN_COMMA = YES;
				CLANG_WARN_CONSTANT_CONVERSION = YES;
				CLANG_WARN_DEPRECATED_OBJC_IMPLEMENTATIONS = YES;
				CLANG_WARN_DIRECT_OBJC_ISA_USAGE = YES_ERROR;
				CLANG_WARN_DOCUMENTATION_COMMENTS = YES;
				CLANG_WARN_EMPTY_BODY = YES;
				CLANG_WARN_ENUM_CONVERSION = YES;
				CLANG_WARN_INFINITE_RECURSION = YES;
				CLANG_WARN_INT_CONVERSION = YES;
				CLANG_WARN_NON_LITERAL_NULL_CONVERSION = YES;
				CLANG_WARN_OBJC_IMPLICIT_RETAIN_SELF = YES;
				CLANG_WARN_OBJC_LITERAL_CONVERSION = YES;
				CLANG_WARN_OBJC_ROOT_CLASS = YES_ERROR;
				CLANG_WARN_QUOTED_INCLUDE_IN_FRAMEWORK_HEADER = YES;
				CLANG_WARN_RANGE_LOOP_ANALYSIS = YES;
				CLANG_WARN_STRICT_PROTOTYPES = YES;
				CLANG_WARN_SUSPICIOUS_MOVE = YES;
				CLANG_WARN_UNGUARDED_AVAILABILITY = YES_AGGRESSIVE;
				CLANG_WARN_UNREACHABLE_CODE = YES;
				CLANG_WARN__DUPLICATE_METHOD_MATCH = YES;
				COPY_PHASE_STRIP = NO;
				DEBUG_INFORMATION_FORMAT = dwarf;
				ENABLE_STRICT_OBJC_MSGSEND = YES;
				ENABLE_TESTABILITY = YES;
				GCC_C_LANGUAGE_STANDARD = gnu11;
				GCC_DYNAMIC_NO_PIC = NO;
				GCC_NO_COMMON_BLOCKS = YES;
				GCC_OPTIMIZATION_LEVEL = 0;
				GCC_PREPROCESSOR_DEFINITIONS = (
					"DEBUG=1",
					"$(inherited)",
				);
				GCC_WARN_64_TO_32_BIT_CONVERSION = YES;
				GCC_WARN_ABOUT_RETURN_TYPE = YES_ERROR;
				GCC_WARN_UNDECLARED_SELECTOR = YES;
				GCC_WARN_UNINITIALIZED_AUTOS = YES_AGGRESSIVE;
				GCC_WARN_UNUSED_FUNCTION = YES;
				GCC_WARN_UNUSED_VARIABLE = YES;
				MACOSX_DEPLOYMENT_TARGET = 11.3;
				MTL_ENABLE_DEBUG_INFO = INCLUDE_SOURCE;
				MTL_FAST_MATH = YES;
				ONLY_ACTIVE_ARCH = YES;
				SDKROOT = macosx;
			};
			name = Debug;
		};
		0D84B72A2716D68D007CB183 /* Release */ = {
			isa = XCBuildConfiguration;
			buildSettings = {
				ALWAYS_SEARCH_USER_PATHS = NO;
				CLANG_ANALYZER_NONNULL = YES;
				CLANG_ANALYZER_NUMBER_OBJECT_CONVERSION = YES_AGGRESSIVE;
				CLANG_CXX_LANGUAGE_STANDARD = "gnu++14";
				CLANG_CXX_LIBRARY = "libc++";
				CLANG_ENABLE_MODULES = YES;
				CLANG_ENABLE_OBJC_ARC = YES;
				CLANG_ENABLE_OBJC_WEAK = YES;
				CLANG_WARN_BLOCK_CAPTURE_AUTORELEASING = YES;
				CLANG_WARN_BOOL_CONVERSION = YES;
				CLANG_WARN_COMMA = YES;
				CLANG_WARN_CONSTANT_CONVERSION = YES;
				CLANG_WARN_DEPRECATED_OBJC_IMPLEMENTATIONS = YES;
				CLANG_WARN_DIRECT_OBJC_ISA_USAGE = YES_ERROR;
				CLANG_WARN_DOCUMENTATION_COMMENTS = YES;
				CLANG_WARN_EMPTY_BODY = YES;
				CLANG_WARN_ENUM_CONVERSION = YES;
				CLANG_WARN_INFINITE_RECURSION = YES;
				CLANG_WARN_INT_CONVERSION = YES;
				CLANG_WARN_NON_LITERAL_NULL_CONVERSION = YES;
				CLANG_WARN_OBJC_IMPLICIT_RETAIN_SELF = YES;
				CLANG_WARN_OBJC_LITERAL_CONVERSION = YES;
				CLANG_WARN_OBJC_ROOT_CLASS = YES_ERROR;
				CLANG_WARN_QUOTED_INCLUDE_IN_FRAMEWORK_HEADER = YES;
				CLANG_WARN_RANGE_LOOP_ANALYSIS = YES;
				CLANG_WARN_STRICT_PROTOTYPES = YES;
				CLANG_WARN_SUSPICIOUS_MOVE = YES;
				CLANG_WARN_UNGUARDED_AVAILABILITY = YES_AGGRESSIVE;
				CLANG_WARN_UNREACHABLE_CODE = YES;
				CLANG_WARN__DUPLICATE_METHOD_MATCH = YES;
				COPY_PHASE_STRIP = NO;
				DEBUG_INFORMATION_FORMAT = "dwarf-with-dsym";
				ENABLE_NS_ASSERTIONS = NO;
				ENABLE_STRICT_OBJC_MSGSEND = YES;
				GCC_C_LANGUAGE_STANDARD = gnu11;
				GCC_NO_COMMON_BLOCKS = YES;
				GCC_WARN_64_TO_32_BIT_CONVERSION = YES;
				GCC_WARN_ABOUT_RETURN_TYPE = YES_ERROR;
				GCC_WARN_UNDECLARED_SELECTOR = YES;
				GCC_WARN_UNINITIALIZED_AUTOS = YES_AGGRESSIVE;
				GCC_WARN_UNUSED_FUNCTION = YES;
				GCC_WARN_UNUSED_VARIABLE = YES;
				MACOSX_DEPLOYMENT_TARGET = 11.3;
				MTL_ENABLE_DEBUG_INFO = NO;
				MTL_FAST_MATH = YES;
				SDKROOT = macosx;
			};
			name = Release;
		};
		0D84B72C2716D68D007CB183 /* Debug */ = {
			isa = XCBuildConfiguration;
			buildSettings = {
				CODE_SIGN_IDENTITY = "-";
				CODE_SIGN_STYLE = Automatic;
				DEVELOPMENT_TEAM = AV8J5QKX6U;
				ENABLE_HARDENED_RUNTIME = YES;
				PRODUCT_BUNDLE_IDENTIFIER = cc.fangr.objc.bagu;
				PRODUCT_NAME = "$(TARGET_NAME)";
			};
			name = Debug;
		};
		0D84B72D2716D68D007CB183 /* Release */ = {
			isa = XCBuildConfiguration;
			buildSettings = {
				CODE_SIGN_IDENTITY = "-";
				CODE_SIGN_STYLE = Automatic;
				DEVELOPMENT_TEAM = AV8J5QKX6U;
				ENABLE_HARDENED_RUNTIME = YES;
				PRODUCT_BUNDLE_IDENTIFIER = cc.fangr.objc.bagu;
				PRODUCT_NAME = "$(TARGET_NAME)";
			};
			name = Release;
		};
/* End XCBuildConfiguration section */

/* Begin XCConfigurationList section */
		0D84B71F2716D68D007CB183 /* Build configuration list for PBXProject "ObjcBagu" */ = {
			isa = XCConfigurationList;
			buildConfigurations = (
				0D84B7292716D68D007CB183 /* Debug */,
				0D84B72A2716D68D007CB183 /* Release */,
			);
			defaultConfigurationIsVisible = 0;
			defaultConfigurationName = Release;
		};
		0D84B72B2716D68D007CB183 /* Build configuration list for PBXNativeTarget "ObjcBagu" */ = {
			isa = XCConfigurationList;
			buildConfigurations = (
				0D84B72C2716D68D007CB183 /* Debug */,
				0D84B72D2716D68D007CB183 /* Release */,
			);
			defaultConfigurationIsVisible = 0;
			defaultConfigurationName = Release;
		};
/* End XCConfigurationList section */
	};
	rootObject = 0D84B71C2716D68D007CB183 /* Project object */;
}
