// !$*UTF8*$!
{
	archiveVersion = 1;
	classes = {
	};
	objectVersion = 50;
	objects = {

/* Begin PBXBuildFile section */
		0D01F323281ADF6D00794410 /* OCSwift.m in Sources */ = {isa = PBXBuildFile; fileRef = 0D01F322281ADF6D00794410 /* OCSwift.m */; };
		0D090796271FE2E7004802BD /* OCRuntime.m in Sources */ = {isa = PBXBuildFile; fileRef = 0D090795271FE2E7004802BD /* OCRuntime.m */; };
		0D120FB2286C4045004692C3 /* NSObject+Swizzling.m in Sources */ = {isa = PBXBuildFile; fileRef = 0D120FB1286C4045004692C3 /* NSObject+Swizzling.m */; };
		0D1A813E271EB9B700A42EFD /* OCMRC.m in Sources */ = {isa = PBXBuildFile; fileRef = 0D1A813D271EB9B700A42EFD /* OCMRC.m */; settings = {COMPILER_FLAGS = "-fno-objc-arc"; }; };
		0D444F2627C6391F00F92391 /* CommonObject.m in Sources */ = {isa = PBXBuildFile; fileRef = 0D3DC8B627C6317B00868FC5 /* CommonObject.m */; };
		0D5E544428003C97008C9D17 /* OCProtocolImpl.m in Sources */ = {isa = PBXBuildFile; fileRef = 0D5E544328003C97008C9D17 /* OCProtocolImpl.m */; };
		0D6194E9281D8D5100E2AF01 /* OCNSMutableArray.m in Sources */ = {isa = PBXBuildFile; fileRef = 0D6194E8281D8D5100E2AF01 /* OCNSMutableArray.m */; };
		0D6194EC281D8D7500E2AF01 /* OCWeakPointerArray.m in Sources */ = {isa = PBXBuildFile; fileRef = 0D6194EB281D8D7500E2AF01 /* OCWeakPointerArray.m */; };
		0D669A48271EC24500E191C9 /* OCMethodSwizzling.m in Sources */ = {isa = PBXBuildFile; fileRef = 0D669A47271EC24500E191C9 /* OCMethodSwizzling.m */; };
		0D84B7282716D68D007CB183 /* main.m in Sources */ = {isa = PBXBuildFile; fileRef = 0D84B7272716D68D007CB183 /* main.m */; };
		0D84B73F2716DB9B007CB183 /* OCProperty.m in Sources */ = {isa = PBXBuildFile; fileRef = 0D84B73E2716DB9B007CB183 /* OCProperty.m */; };
		0D84B7422716DC4C007CB183 /* OCARC.m in Sources */ = {isa = PBXBuildFile; fileRef = 0D84B7412716DC4C007CB183 /* OCARC.m */; };
		0D84B76A271811AE007CB183 /* OCTimer.m in Sources */ = {isa = PBXBuildFile; fileRef = 0D84B769271811AE007CB183 /* OCTimer.m */; };
		0D84B7DC27181729007CB183 /* NSTimer+RRKit.m in Sources */ = {isa = PBXBuildFile; fileRef = 0D84B7DB27181729007CB183 /* NSTimer+RRKit.m */; };
		0D84B7DF2718345C007CB183 /* OCWeakObj.m in Sources */ = {isa = PBXBuildFile; fileRef = 0D84B7DE2718345C007CB183 /* OCWeakObj.m */; };
		0D84B7E2271847F0007CB183 /* OCWeakProxy.m in Sources */ = {isa = PBXBuildFile; fileRef = 0D84B7E1271847F0007CB183 /* OCWeakProxy.m */; };
		0D84B7E52718513F007CB183 /* OCMsgForwarding.m in Sources */ = {isa = PBXBuildFile; fileRef = 0D84B7E42718513F007CB183 /* OCMsgForwarding.m */; };
		0D84B8572719298D007CB183 /* OCAutoReleasePool.mm in Sources */ = {isa = PBXBuildFile; fileRef = 0D84B8562719298D007CB183 /* OCAutoReleasePool.mm */; };
		0D84B85A2719328E007CB183 /* OCRunloop.m in Sources */ = {isa = PBXBuildFile; fileRef = 0D84B8592719328E007CB183 /* OCRunloop.m */; };
		0D92F0AF279021ED00DED6AE /* hello.m in Sources */ = {isa = PBXBuildFile; fileRef = 0D92F0AE279021ED00DED6AE /* hello.m */; };
		0DB6B21E28117CB400A0A5F3 /* SWTemp.swift in Sources */ = {isa = PBXBuildFile; fileRef = 0DB6B21D28117CB400A0A5F3 /* SWTemp.swift */; };
		0DB7B1302802A59B0036CD76 /* OCGCD.m in Sources */ = {isa = PBXBuildFile; fileRef = 0DB7B12F2802A59B0036CD76 /* OCGCD.m */; };
		0DBB448A271EE94800F9C479 /* OCCategory.m in Sources */ = {isa = PBXBuildFile; fileRef = 0DBB4489271EE94800F9C479 /* OCCategory.m */; };
		0DBB448D271EEA5C00F9C479 /* OCCategory+T1.m in Sources */ = {isa = PBXBuildFile; fileRef = 0DBB448C271EEA5C00F9C479 /* OCCategory+T1.m */; };
		0DBB4490271EEA6800F9C479 /* OCCategory+T2.m in Sources */ = {isa = PBXBuildFile; fileRef = 0DBB448F271EEA6800F9C479 /* OCCategory+T2.m */; };
		0DC8C917281814E4007498FE /* OCBlock.m in Sources */ = {isa = PBXBuildFile; fileRef = 0DC8C916281814E4007498FE /* OCBlock.m */; };
		7EDDC8C3965A7D84ED81518E /* Pods_ObjcBagu.framework in Frameworks */ = {isa = PBXBuildFile; fileRef = 3F8B872BF68CDB49C12A8D0E /* Pods_ObjcBagu.framework */; };
		DA614B85288562330048B426 /* SwiftBagu.framework in Frameworks */ = {isa = PBXBuildFile; fileRef = DA614B84288562330048B426 /* SwiftBagu.framework */; };
/* End PBXBuildFile section */

/* Begin PBXContainerItemProxy section */
		DA614B8B288562D20048B426 /* PBXContainerItemProxy */ = {
			isa = PBXContainerItemProxy;
			containerPortal = DA614B86288562D20048B426 /* SwiftBagu.xcodeproj */;
			proxyType = 2;
			remoteGlobalIDString = 0D0DBB53281AB9A60087D77E;
			remoteInfo = SwiftBagu;
		};
		DA614B8D288562D20048B426 /* PBXContainerItemProxy */ = {
			isa = PBXContainerItemProxy;
			containerPortal = DA614B86288562D20048B426 /* SwiftBagu.xcodeproj */;
			proxyType = 2;
			remoteGlobalIDString = 0D0DBB5D281AB9A60087D77E;
			remoteInfo = SwiftBaguTests;
		};
/* End PBXContainerItemProxy section */

/* Begin PBXCopyFilesBuildPhase section */
		0D84B7222716D68D007CB183 /* CopyFiles */ = {
			isa = PBXCopyFilesBuildPhase;
			buildActionMask = 2147483647;
			dstPath = /usr/share/man/man1/;
			dstSubfolderSpec = 0;
			files = (
			);
			runOnlyForDeploymentPostprocessing = 1;
		};
/* End PBXCopyFilesBuildPhase section */

/* Begin PBXFileReference section */
		0D01F321281ADF6D00794410 /* OCSwift.h */ = {isa = PBXFileReference; lastKnownFileType = sourcecode.c.h; path = OCSwift.h; sourceTree = "<group>"; };
		0D01F322281ADF6D00794410 /* OCSwift.m */ = {isa = PBXFileReference; lastKnownFileType = sourcecode.c.objc; path = OCSwift.m; sourceTree = "<group>"; };
		0D090794271FE2E7004802BD /* OCRuntime.h */ = {isa = PBXFileReference; lastKnownFileType = sourcecode.c.h; path = OCRuntime.h; sourceTree = "<group>"; };
		0D090795271FE2E7004802BD /* OCRuntime.m */ = {isa = PBXFileReference; lastKnownFileType = sourcecode.c.objc; path = OCRuntime.m; sourceTree = "<group>"; };
		0D120FB0286C4045004692C3 /* NSObject+Swizzling.h */ = {isa = PBXFileReference; lastKnownFileType = sourcecode.c.h; path = "NSObject+Swizzling.h"; sourceTree = "<group>"; };
		0D120FB1286C4045004692C3 /* NSObject+Swizzling.m */ = {isa = PBXFileReference; lastKnownFileType = sourcecode.c.objc; path = "NSObject+Swizzling.m"; sourceTree = "<group>"; };
		0D1A813C271EB9B700A42EFD /* OCMRC.h */ = {isa = PBXFileReference; lastKnownFileType = sourcecode.c.h; path = OCMRC.h; sourceTree = "<group>"; };
		0D1A813D271EB9B700A42EFD /* OCMRC.m */ = {isa = PBXFileReference; lastKnownFileType = sourcecode.c.objc; path = OCMRC.m; sourceTree = "<group>"; };
		0D3DC8B127C6310300868FC5 /* OCPrefix.pch */ = {isa = PBXFileReference; lastKnownFileType = sourcecode.c.h; path = OCPrefix.pch; sourceTree = "<group>"; };
		0D3DC8B627C6317B00868FC5 /* CommonObject.m */ = {isa = PBXFileReference; lastKnownFileType = sourcecode.c.objc; path = CommonObject.m; sourceTree = "<group>"; };
		0D3DC8B727C6317B00868FC5 /* CommonObject.h */ = {isa = PBXFileReference; lastKnownFileType = sourcecode.c.h; path = CommonObject.h; sourceTree = "<group>"; };
		0D5E53CF28002D54008C9D17 /* OCProtocol.h */ = {isa = PBXFileReference; lastKnownFileType = sourcecode.c.h; path = OCProtocol.h; sourceTree = "<group>"; };
		0D5E544228003C97008C9D17 /* OCProtocolImpl.h */ = {isa = PBXFileReference; lastKnownFileType = sourcecode.c.h; path = OCProtocolImpl.h; sourceTree = "<group>"; };
		0D5E544328003C97008C9D17 /* OCProtocolImpl.m */ = {isa = PBXFileReference; lastKnownFileType = sourcecode.c.objc; path = OCProtocolImpl.m; sourceTree = "<group>"; };
		0D6194E7281D8D5100E2AF01 /* OCNSMutableArray.h */ = {isa = PBXFileReference; lastKnownFileType = sourcecode.c.h; path = OCNSMutableArray.h; sourceTree = "<group>"; };
		0D6194E8281D8D5100E2AF01 /* OCNSMutableArray.m */ = {isa = PBXFileReference; lastKnownFileType = sourcecode.c.objc; path = OCNSMutableArray.m; sourceTree = "<group>"; };
		0D6194EA281D8D7500E2AF01 /* OCWeakPointerArray.h */ = {isa = PBXFileReference; lastKnownFileType = sourcecode.c.h; path = OCWeakPointerArray.h; sourceTree = "<group>"; };
		0D6194EB281D8D7500E2AF01 /* OCWeakPointerArray.m */ = {isa = PBXFileReference; lastKnownFileType = sourcecode.c.objc; path = OCWeakPointerArray.m; sourceTree = "<group>"; };
		0D669A46271EC24500E191C9 /* OCMethodSwizzling.h */ = {isa = PBXFileReference; lastKnownFileType = sourcecode.c.h; path = OCMethodSwizzling.h; sourceTree = "<group>"; };
		0D669A47271EC24500E191C9 /* OCMethodSwizzling.m */ = {isa = PBXFileReference; lastKnownFileType = sourcecode.c.objc; path = OCMethodSwizzling.m; sourceTree = "<group>"; };
		0D84B7242716D68D007CB183 /* ObjcBagu */ = {isa = PBXFileReference; explicitFileType = "compiled.mach-o.executable"; includeInIndex = 0; path = ObjcBagu; sourceTree = BUILT_PRODUCTS_DIR; };
		0D84B7272716D68D007CB183 /* main.m */ = {isa = PBXFileReference; lastKnownFileType = sourcecode.c.objc; path = main.m; sourceTree = "<group>"; };
		0D84B73D2716DB9B007CB183 /* OCProperty.h */ = {isa = PBXFileReference; lastKnownFileType = sourcecode.c.h; path = OCProperty.h; sourceTree = "<group>"; };
		0D84B73E2716DB9B007CB183 /* OCProperty.m */ = {isa = PBXFileReference; lastKnownFileType = sourcecode.c.objc; path = OCProperty.m; sourceTree = "<group>"; };
		0D84B7402716DC4C007CB183 /* OCARC.h */ = {isa = PBXFileReference; lastKnownFileType = sourcecode.c.h; path = OCARC.h; sourceTree = "<group>"; };
		0D84B7412716DC4C007CB183 /* OCARC.m */ = {isa = PBXFileReference; lastKnownFileType = sourcecode.c.objc; path = OCARC.m; sourceTree = "<group>"; };
		0D84B768271811AE007CB183 /* OCTimer.h */ = {isa = PBXFileReference; lastKnownFileType = sourcecode.c.h; path = OCTimer.h; sourceTree = "<group>"; };
		0D84B769271811AE007CB183 /* OCTimer.m */ = {isa = PBXFileReference; lastKnownFileType = sourcecode.c.objc; path = OCTimer.m; sourceTree = "<group>"; };
		0D84B7DA27181729007CB183 /* NSTimer+RRKit.h */ = {isa = PBXFileReference; lastKnownFileType = sourcecode.c.h; path = "NSTimer+RRKit.h"; sourceTree = "<group>"; };
		0D84B7DB27181729007CB183 /* NSTimer+RRKit.m */ = {isa = PBXFileReference; lastKnownFileType = sourcecode.c.objc; path = "NSTimer+RRKit.m"; sourceTree = "<group>"; };
		0D84B7DD2718345C007CB183 /* OCWeakObj.h */ = {isa = PBXFileReference; lastKnownFileType = sourcecode.c.h; path = OCWeakObj.h; sourceTree = "<group>"; };
		0D84B7DE2718345C007CB183 /* OCWeakObj.m */ = {isa = PBXFileReference; lastKnownFileType = sourcecode.c.objc; path = OCWeakObj.m; sourceTree = "<group>"; };
		0D84B7E0271847F0007CB183 /* OCWeakProxy.h */ = {isa = PBXFileReference; lastKnownFileType = sourcecode.c.h; path = OCWeakProxy.h; sourceTree = "<group>"; };
		0D84B7E1271847F0007CB183 /* OCWeakProxy.m */ = {isa = PBXFileReference; lastKnownFileType = sourcecode.c.objc; path = OCWeakProxy.m; sourceTree = "<group>"; };
		0D84B7E32718513F007CB183 /* OCMsgForwarding.h */ = {isa = PBXFileReference; lastKnownFileType = sourcecode.c.h; path = OCMsgForwarding.h; sourceTree = "<group>"; };
		0D84B7E42718513F007CB183 /* OCMsgForwarding.m */ = {isa = PBXFileReference; lastKnownFileType = sourcecode.c.objc; path = OCMsgForwarding.m; sourceTree = "<group>"; };
		0D84B8552719298D007CB183 /* OCAutoReleasePool.h */ = {isa = PBXFileReference; lastKnownFileType = sourcecode.c.h; path = OCAutoReleasePool.h; sourceTree = "<group>"; };
		0D84B8562719298D007CB183 /* OCAutoReleasePool.mm */ = {isa = PBXFileReference; lastKnownFileType = sourcecode.cpp.objcpp; path = OCAutoReleasePool.mm; sourceTree = "<group>"; };
		0D84B8582719328E007CB183 /* OCRunloop.h */ = {isa = PBXFileReference; lastKnownFileType = sourcecode.c.h; path = OCRunloop.h; sourceTree = "<group>"; };
		0D84B8592719328E007CB183 /* OCRunloop.m */ = {isa = PBXFileReference; lastKnownFileType = sourcecode.c.objc; path = OCRunloop.m; sourceTree = "<group>"; };
		0D92F0AE279021ED00DED6AE /* hello.m */ = {isa = PBXFileReference; lastKnownFileType = sourcecode.c.objc; path = hello.m; sourceTree = "<group>"; };
		0DB6B21C28117CB400A0A5F3 /* ObjcBagu-Bridging-Header.h */ = {isa = PBXFileReference; lastKnownFileType = sourcecode.c.h; path = "ObjcBagu-Bridging-Header.h"; sourceTree = "<group>"; };
		0DB6B21D28117CB400A0A5F3 /* SWTemp.swift */ = {isa = PBXFileReference; lastKnownFileType = sourcecode.swift; path = SWTemp.swift; sourceTree = "<group>"; };
		0DB7B12E2802A59B0036CD76 /* OCGCD.h */ = {isa = PBXFileReference; lastKnownFileType = sourcecode.c.h; path = OCGCD.h; sourceTree = "<group>"; };
		0DB7B12F2802A59B0036CD76 /* OCGCD.m */ = {isa = PBXFileReference; lastKnownFileType = sourcecode.c.objc; path = OCGCD.m; sourceTree = "<group>"; };
		0DB7B1312802A5CB0036CD76 /* CommonProtocol.h */ = {isa = PBXFileReference; lastKnownFileType = sourcecode.c.h; path = CommonProtocol.h; sourceTree = "<group>"; };
		0DBB4488271EE94800F9C479 /* OCCategory.h */ = {isa = PBXFileReference; lastKnownFileType = sourcecode.c.h; path = OCCategory.h; sourceTree = "<group>"; };
		0DBB4489271EE94800F9C479 /* OCCategory.m */ = {isa = PBXFileReference; lastKnownFileType = sourcecode.c.objc; path = OCCategory.m; sourceTree = "<group>"; };
		0DBB448B271EEA5C00F9C479 /* OCCategory+T1.h */ = {isa = PBXFileReference; lastKnownFileType = sourcecode.c.h; path = "OCCategory+T1.h"; sourceTree = "<group>"; };
		0DBB448C271EEA5C00F9C479 /* OCCategory+T1.m */ = {isa = PBXFileReference; lastKnownFileType = sourcecode.c.objc; path = "OCCategory+T1.m"; sourceTree = "<group>"; };
		0DBB448E271EEA6800F9C479 /* OCCategory+T2.h */ = {isa = PBXFileReference; lastKnownFileType = sourcecode.c.h; path = "OCCategory+T2.h"; sourceTree = "<group>"; };
		0DBB448F271EEA6800F9C479 /* OCCategory+T2.m */ = {isa = PBXFileReference; lastKnownFileType = sourcecode.c.objc; path = "OCCategory+T2.m"; sourceTree = "<group>"; };
		0DC8C915281814E4007498FE /* OCBlock.h */ = {isa = PBXFileReference; lastKnownFileType = sourcecode.c.h; path = OCBlock.h; sourceTree = "<group>"; };
		0DC8C916281814E4007498FE /* OCBlock.m */ = {isa = PBXFileReference; lastKnownFileType = sourcecode.c.objc; path = OCBlock.m; sourceTree = "<group>"; };
		316DEA373116E2B9C956A1EA /* Pods-ObjcBagu.release.xcconfig */ = {isa = PBXFileReference; includeInIndex = 1; lastKnownFileType = text.xcconfig; name = "Pods-ObjcBagu.release.xcconfig"; path = "Target Support Files/Pods-ObjcBagu/Pods-ObjcBagu.release.xcconfig"; sourceTree = "<group>"; };
		3F8B872BF68CDB49C12A8D0E /* Pods_ObjcBagu.framework */ = {isa = PBXFileReference; explicitFileType = wrapper.framework; includeInIndex = 0; path = Pods_ObjcBagu.framework; sourceTree = BUILT_PRODUCTS_DIR; };
		B96C45C09A27AD4E155EEFE4 /* Pods-ObjcBagu.debug.xcconfig */ = {isa = PBXFileReference; includeInIndex = 1; lastKnownFileType = text.xcconfig; name = "Pods-ObjcBagu.debug.xcconfig"; path = "Target Support Files/Pods-ObjcBagu/Pods-ObjcBagu.debug.xcconfig"; sourceTree = "<group>"; };
		DA614B61288559370048B426 /* SwiftBagu.framework */ = {isa = PBXFileReference; explicitFileType = wrapper.framework; path = SwiftBagu.framework; sourceTree = BUILT_PRODUCTS_DIR; };
		DA614B84288562330048B426 /* SwiftBagu.framework */ = {isa = PBXFileReference; explicitFileType = wrapper.framework; path = SwiftBagu.framework; sourceTree = BUILT_PRODUCTS_DIR; };
		DA614B86288562D20048B426 /* SwiftBagu.xcodeproj */ = {isa = PBXFileReference; lastKnownFileType = "wrapper.pb-project"; name = SwiftBagu.xcodeproj; path = ../SwiftBagu/SwiftBagu.xcodeproj; sourceTree = "<group>"; };
/* End PBXFileReference section */

/* Begin PBXFrameworksBuildPhase section */
		0D84B7212716D68D007CB183 /* Frameworks */ = {
			isa = PBXFrameworksBuildPhase;
			buildActionMask = 2147483647;
			files = (
				DA614B85288562330048B426 /* SwiftBagu.framework in Frameworks */,
				7EDDC8C3965A7D84ED81518E /* Pods_ObjcBagu.framework in Frameworks */,
			);
			runOnlyForDeploymentPostprocessing = 0;
		};
/* End PBXFrameworksBuildPhase section */

/* Begin PBXGroup section */
		0D3DC8B527C6317B00868FC5 /* Common */ = {
			isa = PBXGroup;
			children = (
				0D3DC8B727C6317B00868FC5 /* CommonObject.h */,
				0D3DC8B627C6317B00868FC5 /* CommonObject.m */,
				0DB7B1312802A5CB0036CD76 /* CommonProtocol.h */,
			);
			path = Common;
			sourceTree = "<group>";
		};
		0D51DBAC282F547F00C854B6 /* NSThread */ = {
			isa = PBXGroup;
			children = (
			);
			path = NSThread;
			sourceTree = "<group>";
		};
		0D51DBAD282F548500C854B6 /* NSOperation */ = {
			isa = PBXGroup;
			children = (
			);
			path = NSOperation;
			sourceTree = "<group>";
		};
		0D5E53CE28002D31008C9D17 /* Protocol */ = {
			isa = PBXGroup;
			children = (
				0D5E53CF28002D54008C9D17 /* OCProtocol.h */,
				0D5E544228003C97008C9D17 /* OCProtocolImpl.h */,
				0D5E544328003C97008C9D17 /* OCProtocolImpl.m */,
			);
			path = Protocol;
			sourceTree = "<group>";
		};
		0D6194E2281D7FBF00E2AF01 /* Collections */ = {
			isa = PBXGroup;
			children = (
				0D6194E7281D8D5100E2AF01 /* OCNSMutableArray.h */,
				0D6194E8281D8D5100E2AF01 /* OCNSMutableArray.m */,
				0D6194EA281D8D7500E2AF01 /* OCWeakPointerArray.h */,
				0D6194EB281D8D7500E2AF01 /* OCWeakPointerArray.m */,
			);
			path = Collections;
			sourceTree = "<group>";
		};
		0D669A45271EC21200E191C9 /* MethodSwizzling */ = {
			isa = PBXGroup;
			children = (
				0D669A46271EC24500E191C9 /* OCMethodSwizzling.h */,
				0D669A47271EC24500E191C9 /* OCMethodSwizzling.m */,
				0D120FB0286C4045004692C3 /* NSObject+Swizzling.h */,
				0D120FB1286C4045004692C3 /* NSObject+Swizzling.m */,
			);
			path = MethodSwizzling;
			sourceTree = "<group>";
		};
		0D84B71B2716D68D007CB183 = {
			isa = PBXGroup;
			children = (
				DA614B86288562D20048B426 /* SwiftBagu.xcodeproj */,
				0D84B7262716D68D007CB183 /* ObjcBagu */,
				0D84B7252716D68D007CB183 /* Products */,
				414D71316879C0E5E5B53C7E /* Pods */,
				AE09C9D9029F16BCAA883302 /* Frameworks */,
			);
			sourceTree = "<group>";
		};
		0D84B7252716D68D007CB183 /* Products */ = {
			isa = PBXGroup;
			children = (
				0D84B7242716D68D007CB183 /* ObjcBagu */,
			);
			name = Products;
			sourceTree = "<group>";
		};
		0D84B7262716D68D007CB183 /* ObjcBagu */ = {
			isa = PBXGroup;
			children = (
				0D84B7272716D68D007CB183 /* main.m */,
				0D3DC8B127C6310300868FC5 /* OCPrefix.pch */,
				0D84B7342716D7D8007CB183 /* ARC */,
				0D84B7332716D7D0007CB183 /* AutoReleasePool */,
				0D84B73A2716D899007CB183 /* Block */,
				0D84B72F2716D79A007CB183 /* Category */,
				0D6194E2281D7FBF00E2AF01 /* Collections */,
				0D3DC8B527C6317B00868FC5 /* Common */,
				0D84B73C2716D8C1007CB183 /* HotPatch */,
				0D84B7372716D80C007CB183 /* KVC */,
				0D84B7362716D805007CB183 /* KVO */,
				0D84B73B2716D8B9007CB183 /* MultiThread */,
				0D84B7382716D82D007CB183 /* Network */,
				0D84B7312716D7AC007CB183 /* NSTimer */,
				0D84B72E2716D771007CB183 /* Property */,
				0D5E53CE28002D31008C9D17 /* Protocol */,
				0D84B7322716D7B4007CB183 /* Runloop */,
				0D84B7302716D7A3007CB183 /* Runtime */,
				0DEE07F6281165B8002A08C6 /* Swift */,
			);
			path = ObjcBagu;
			sourceTree = "<group>";
		};
		0D84B72E2716D771007CB183 /* Property */ = {
			isa = PBXGroup;
			children = (
				0D84B73D2716DB9B007CB183 /* OCProperty.h */,
				0D84B73E2716DB9B007CB183 /* OCProperty.m */,
			);
			path = Property;
			sourceTree = "<group>";
		};
		0D84B72F2716D79A007CB183 /* Category */ = {
			isa = PBXGroup;
			children = (
				0DBB4488271EE94800F9C479 /* OCCategory.h */,
				0DBB4489271EE94800F9C479 /* OCCategory.m */,
				0DBB448B271EEA5C00F9C479 /* OCCategory+T1.h */,
				0DBB448C271EEA5C00F9C479 /* OCCategory+T1.m */,
				0DBB448E271EEA6800F9C479 /* OCCategory+T2.h */,
				0DBB448F271EEA6800F9C479 /* OCCategory+T2.m */,
			);
			path = Category;
			sourceTree = "<group>";
		};
		0D84B7302716D7A3007CB183 /* Runtime */ = {
			isa = PBXGroup;
			children = (
				0D84B7392716D83D007CB183 /* MessageForwarding */,
				0D669A45271EC21200E191C9 /* MethodSwizzling */,
				0D090794271FE2E7004802BD /* OCRuntime.h */,
				0D090795271FE2E7004802BD /* OCRuntime.m */,
				0D92F0AE279021ED00DED6AE /* hello.m */,
			);
			path = Runtime;
			sourceTree = "<group>";
		};
		0D84B7312716D7AC007CB183 /* NSTimer */ = {
			isa = PBXGroup;
			children = (
				0D84B768271811AE007CB183 /* OCTimer.h */,
				0D84B769271811AE007CB183 /* OCTimer.m */,
				0D84B7DA27181729007CB183 /* NSTimer+RRKit.h */,
				0D84B7DB27181729007CB183 /* NSTimer+RRKit.m */,
				0D84B7DD2718345C007CB183 /* OCWeakObj.h */,
				0D84B7DE2718345C007CB183 /* OCWeakObj.m */,
				0D84B7E0271847F0007CB183 /* OCWeakProxy.h */,
				0D84B7E1271847F0007CB183 /* OCWeakProxy.m */,
			);
			path = NSTimer;
			sourceTree = "<group>";
		};
		0D84B7322716D7B4007CB183 /* Runloop */ = {
			isa = PBXGroup;
			children = (
				0D84B8582719328E007CB183 /* OCRunloop.h */,
				0D84B8592719328E007CB183 /* OCRunloop.m */,
			);
			path = Runloop;
			sourceTree = "<group>";
		};
		0D84B7332716D7D0007CB183 /* AutoReleasePool */ = {
			isa = PBXGroup;
			children = (
				0D84B8552719298D007CB183 /* OCAutoReleasePool.h */,
				0D84B8562719298D007CB183 /* OCAutoReleasePool.mm */,
			);
			path = AutoReleasePool;
			sourceTree = "<group>";
		};
		0D84B7342716D7D8007CB183 /* ARC */ = {
			isa = PBXGroup;
			children = (
				0D84B7402716DC4C007CB183 /* OCARC.h */,
				0D84B7412716DC4C007CB183 /* OCARC.m */,
				0D1A813C271EB9B700A42EFD /* OCMRC.h */,
				0D1A813D271EB9B700A42EFD /* OCMRC.m */,
			);
			path = ARC;
			sourceTree = "<group>";
		};
		0D84B7352716D7E5007CB183 /* GCD */ = {
			isa = PBXGroup;
			children = (
				0DB7B12E2802A59B0036CD76 /* OCGCD.h */,
				0DB7B12F2802A59B0036CD76 /* OCGCD.m */,
			);
			path = GCD;
			sourceTree = "<group>";
		};
		0D84B7362716D805007CB183 /* KVO */ = {
			isa = PBXGroup;
			children = (
			);
			path = KVO;
			sourceTree = "<group>";
		};
		0D84B7372716D80C007CB183 /* KVC */ = {
			isa = PBXGroup;
			children = (
			);
			path = KVC;
			sourceTree = "<group>";
		};
		0D84B7382716D82D007CB183 /* Network */ = {
			isa = PBXGroup;
			children = (
			);
			path = Network;
			sourceTree = "<group>";
		};
		0D84B7392716D83D007CB183 /* MessageForwarding */ = {
			isa = PBXGroup;
			children = (
				0D84B7E32718513F007CB183 /* OCMsgForwarding.h */,
				0D84B7E42718513F007CB183 /* OCMsgForwarding.m */,
			);
			path = MessageForwarding;
			sourceTree = "<group>";
		};
		0D84B73A2716D899007CB183 /* Block */ = {
			isa = PBXGroup;
			children = (
				0DC8C915281814E4007498FE /* OCBlock.h */,
				0DC8C916281814E4007498FE /* OCBlock.m */,
			);
			path = Block;
			sourceTree = "<group>";
		};
		0D84B73B2716D8B9007CB183 /* MultiThread */ = {
			isa = PBXGroup;
			children = (
				0D51DBAD282F548500C854B6 /* NSOperation */,
				0D51DBAC282F547F00C854B6 /* NSThread */,
				0D84B7352716D7E5007CB183 /* GCD */,
			);
			path = MultiThread;
			sourceTree = "<group>";
		};
		0D84B73C2716D8C1007CB183 /* HotPatch */ = {
			isa = PBXGroup;
			children = (
			);
			path = HotPatch;
			sourceTree = "<group>";
		};
		0DEE07F6281165B8002A08C6 /* Swift */ = {
			isa = PBXGroup;
			children = (
				0DB6B21C28117CB400A0A5F3 /* ObjcBagu-Bridging-Header.h */,
				0D01F321281ADF6D00794410 /* OCSwift.h */,
				0D01F322281ADF6D00794410 /* OCSwift.m */,
				0DB6B21D28117CB400A0A5F3 /* SWTemp.swift */,
			);
			path = Swift;
			sourceTree = "<group>";
		};
		414D71316879C0E5E5B53C7E /* Pods */ = {
			isa = PBXGroup;
			children = (
				B96C45C09A27AD4E155EEFE4 /* Pods-ObjcBagu.debug.xcconfig */,
				316DEA373116E2B9C956A1EA /* Pods-ObjcBagu.release.xcconfig */,
			);
			name = Pods;
			path = ../../Pods;
			sourceTree = "<group>";
		};
		AE09C9D9029F16BCAA883302 /* Frameworks */ = {
			isa = PBXGroup;
			children = (
				DA614B84288562330048B426 /* SwiftBagu.framework */,
				DA614B61288559370048B426 /* SwiftBagu.framework */,
				3F8B872BF68CDB49C12A8D0E /* Pods_ObjcBagu.framework */,
			);
			name = Frameworks;
			sourceTree = "<group>";
		};
		DA614B87288562D20048B426 /* Products */ = {
			isa = PBXGroup;
			children = (
				DA614B8C288562D20048B426 /* SwiftBagu.framework */,
				DA614B8E288562D20048B426 /* SwiftBaguTests.xctest */,
			);
			name = Products;
			sourceTree = "<group>";
		};
/* End PBXGroup section */

/* Begin PBXNativeTarget section */
		0D84B7232716D68D007CB183 /* ObjcBagu */ = {
			isa = PBXNativeTarget;
			buildConfigurationList = 0D84B72B2716D68D007CB183 /* Build configuration list for PBXNativeTarget "ObjcBagu" */;
			buildPhases = (
				1F53D0903201B3EC003010BE /* [CP] Check Pods Manifest.lock */,
				0D84B7202716D68D007CB183 /* Sources */,
				0D84B7212716D68D007CB183 /* Frameworks */,
				0D84B7222716D68D007CB183 /* CopyFiles */,
			);
			buildRules = (
			);
			dependencies = (
			);
			name = ObjcBagu;
			productName = ObjcBagu;
			productReference = 0D84B7242716D68D007CB183 /* ObjcBagu */;
			productType = "com.apple.product-type.tool";
		};
/* End PBXNativeTarget section */

/* Begin PBXProject section */
		0D84B71C2716D68D007CB183 /* Project object */ = {
			isa = PBXProject;
			attributes = {
				LastUpgradeCheck = 1300;
				ORGANIZATIONNAME = Ryder;
				TargetAttributes = {
					0D84B7232716D68D007CB183 = {
						CreatedOnToolsVersion = 12.5;
						LastSwiftMigration = 1330;
					};
				};
			};
			buildConfigurationList = 0D84B71F2716D68D007CB183 /* Build configuration list for PBXProject "ObjcBagu" */;
			compatibilityVersion = "Xcode 9.3";
			developmentRegion = en;
			hasScannedForEncodings = 0;
			knownRegions = (
				en,
				Base,
			);
			mainGroup = 0D84B71B2716D68D007CB183;
			productRefGroup = 0D84B7252716D68D007CB183 /* Products */;
			projectDirPath = "";
			projectReferences = (
				{
					ProductGroup = DA614B87288562D20048B426 /* Products */;
					ProjectRef = DA614B86288562D20048B426 /* SwiftBagu.xcodeproj */;
				},
			);
			projectRoot = "";
			targets = (
				0D84B7232716D68D007CB183 /* ObjcBagu */,
			);
		};
/* End PBXProject section */

/* Begin PBXReferenceProxy section */
		DA614B8C288562D20048B426 /* SwiftBagu.framework */ = {
			isa = PBXReferenceProxy;
			fileType = wrapper.framework;
			path = SwiftBagu.framework;
			remoteRef = DA614B8B288562D20048B426 /* PBXContainerItemProxy */;
			sourceTree = BUILT_PRODUCTS_DIR;
		};
		DA614B8E288562D20048B426 /* SwiftBaguTests.xctest */ = {
			isa = PBXReferenceProxy;
			fileType = wrapper.cfbundle;
			path = SwiftBaguTests.xctest;
			remoteRef = DA614B8D288562D20048B426 /* PBXContainerItemProxy */;
			sourceTree = BUILT_PRODUCTS_DIR;
		};
/* End PBXReferenceProxy section */

/* Begin PBXShellScriptBuildPhase section */
		1F53D0903201B3EC003010BE /* [CP] Check Pods Manifest.lock */ = {
			isa = PBXShellScriptBuildPhase;
			buildActionMask = 2147483647;
			files = (
			);
			inputFileListPaths = (
			);
			inputPaths = (
				"${PODS_PODFILE_DIR_PATH}/Podfile.lock",
				"${PODS_ROOT}/Manifest.lock",
			);
			name = "[CP] Check Pods Manifest.lock";
			outputFileListPaths = (
			);
			outputPaths = (
				"$(DERIVED_FILE_DIR)/Pods-ObjcBagu-checkManifestLockResult.txt",
			);
			runOnlyForDeploymentPostprocessing = 0;
			shellPath = /bin/sh;
			shellScript = "diff \"${PODS_PODFILE_DIR_PATH}/Podfile.lock\" \"${PODS_ROOT}/Manifest.lock\" > /dev/null\nif [ $? != 0 ] ; then\n    # print error to STDERR\n    echo \"error: The sandbox is not in sync with the Podfile.lock. Run 'pod install' or update your CocoaPods installation.\" >&2\n    exit 1\nfi\n# This output is used by Xcode 'outputs' to avoid re-running this script phase.\necho \"SUCCESS\" > \"${SCRIPT_OUTPUT_FILE_0}\"\n";
			showEnvVarsInLog = 0;
		};
/* End PBXShellScriptBuildPhase section */

/* Begin PBXSourcesBuildPhase section */
		0D84B7202716D68D007CB183 /* Sources */ = {
			isa = PBXSourcesBuildPhase;
			buildActionMask = 2147483647;
			files = (
				0D84B8572719298D007CB183 /* OCAutoReleasePool.mm in Sources */,
				0D6194EC281D8D7500E2AF01 /* OCWeakPointerArray.m in Sources */,
				0DC8C917281814E4007498FE /* OCBlock.m in Sources */,
				0D84B7E52718513F007CB183 /* OCMsgForwarding.m in Sources */,
				0D5E544428003C97008C9D17 /* OCProtocolImpl.m in Sources */,
				0D1A813E271EB9B700A42EFD /* OCMRC.m in Sources */,
				0DB6B21E28117CB400A0A5F3 /* SWTemp.swift in Sources */,
				0D84B7422716DC4C007CB183 /* OCARC.m in Sources */,
				0D84B73F2716DB9B007CB183 /* OCProperty.m in Sources */,
				0D444F2627C6391F00F92391 /* CommonObject.m in Sources */,
				0D84B7282716D68D007CB183 /* main.m in Sources */,
				0D669A48271EC24500E191C9 /* OCMethodSwizzling.m in Sources */,
				0D01F323281ADF6D00794410 /* OCSwift.m in Sources */,
				0D84B7DC27181729007CB183 /* NSTimer+RRKit.m in Sources */,
				0DB7B1302802A59B0036CD76 /* OCGCD.m in Sources */,
				0D84B7E2271847F0007CB183 /* OCWeakProxy.m in Sources */,
				0D84B85A2719328E007CB183 /* OCRunloop.m in Sources */,
				0D84B76A271811AE007CB183 /* OCTimer.m in Sources */,
				0D6194E9281D8D5100E2AF01 /* OCNSMutableArray.m in Sources */,
				0DBB448D271EEA5C00F9C479 /* OCCategory+T1.m in Sources */,
				0D92F0AF279021ED00DED6AE /* hello.m in Sources */,
				0D090796271FE2E7004802BD /* OCRuntime.m in Sources */,
				0DBB4490271EEA6800F9C479 /* OCCategory+T2.m in Sources */,
				0DBB448A271EE94800F9C479 /* OCCategory.m in Sources */,
				0D84B7DF2718345C007CB183 /* OCWeakObj.m in Sources */,
				0D120FB2286C4045004692C3 /* NSObject+Swizzling.m in Sources */,
			);
			runOnlyForDeploymentPostprocessing = 0;
		};
/* End PBXSourcesBuildPhase section */

/* Begin XCBuildConfiguration section */
		0D84B7292716D68D007CB183 /* Debug */ = {
			isa = XCBuildConfiguration;
			buildSettings = {
				ALWAYS_SEARCH_USER_PATHS = NO;
				CLANG_ANALYZER_NONNULL = YES;
				CLANG_ANALYZER_NUMBER_OBJECT_CONVERSION = YES_AGGRESSIVE;
				CLANG_CXX_LANGUAGE_STANDARD = "gnu++14";
				CLANG_CXX_LIBRARY = "libc++";
				CLANG_ENABLE_MODULES = YES;
				CLANG_ENABLE_OBJC_ARC = YES;
				CLANG_ENABLE_OBJC_WEAK = YES;
				CLANG_WARN_BLOCK_CAPTURE_AUTORELEASING = YES;
				CLANG_WARN_BOOL_CONVERSION = YES;
				CLANG_WARN_COMMA = YES;
				CLANG_WARN_CONSTANT_CONVERSION = YES;
				CLANG_WARN_DEPRECATED_OBJC_IMPLEMENTATIONS = YES;
				CLANG_WARN_DIRECT_OBJC_ISA_USAGE = YES_ERROR;
				CLANG_WARN_DOCUMENTATION_COMMENTS = YES;
				CLANG_WARN_EMPTY_BODY = YES;
				CLANG_WARN_ENUM_CONVERSION = YES;
				CLANG_WARN_INFINITE_RECURSION = YES;
				CLANG_WARN_INT_CONVERSION = YES;
				CLANG_WARN_NON_LITERAL_NULL_CONVERSION = YES;
				CLANG_WARN_OBJC_IMPLICIT_RETAIN_SELF = YES;
				CLANG_WARN_OBJC_LITERAL_CONVERSION = YES;
				CLANG_WARN_OBJC_ROOT_CLASS = YES_ERROR;
				CLANG_WARN_QUOTED_INCLUDE_IN_FRAMEWORK_HEADER = YES;
				CLANG_WARN_RANGE_LOOP_ANALYSIS = YES;
				CLANG_WARN_STRICT_PROTOTYPES = YES;
				CLANG_WARN_SUSPICIOUS_MOVE = YES;
				CLANG_WARN_UNGUARDED_AVAILABILITY = YES_AGGRESSIVE;
				CLANG_WARN_UNREACHABLE_CODE = YES;
				CLANG_WARN__DUPLICATE_METHOD_MATCH = YES;
				COPY_PHASE_STRIP = NO;
				DEBUG_INFORMATION_FORMAT = dwarf;
				ENABLE_STRICT_OBJC_MSGSEND = YES;
				ENABLE_TESTABILITY = YES;
				GCC_C_LANGUAGE_STANDARD = gnu11;
				GCC_DYNAMIC_NO_PIC = NO;
				GCC_NO_COMMON_BLOCKS = YES;
				GCC_OPTIMIZATION_LEVEL = 0;
				GCC_PREPROCESSOR_DEFINITIONS = (
					"DEBUG=1",
					"$(inherited)",
				);
				GCC_WARN_64_TO_32_BIT_CONVERSION = YES;
				GCC_WARN_ABOUT_RETURN_TYPE = YES_ERROR;
				GCC_WARN_UNDECLARED_SELECTOR = YES;
				GCC_WARN_UNINITIALIZED_AUTOS = YES_AGGRESSIVE;
				GCC_WARN_UNUSED_FUNCTION = YES;
				GCC_WARN_UNUSED_VARIABLE = YES;
				MACOSX_DEPLOYMENT_TARGET = 11.3;
				MTL_ENABLE_DEBUG_INFO = INCLUDE_SOURCE;
				MTL_FAST_MATH = YES;
				ONLY_ACTIVE_ARCH = YES;
				SDKROOT = macosx;
			};
			name = Debug;
		};
		0D84B72A2716D68D007CB183 /* Release */ = {
			isa = XCBuildConfiguration;
			buildSettings = {
				ALWAYS_SEARCH_USER_PATHS = NO;
				CLANG_ANALYZER_NONNULL = YES;
				CLANG_ANALYZER_NUMBER_OBJECT_CONVERSION = YES_AGGRESSIVE;
				CLANG_CXX_LANGUAGE_STANDARD = "gnu++14";
				CLANG_CXX_LIBRARY = "libc++";
				CLANG_ENABLE_MODULES = YES;
				CLANG_ENABLE_OBJC_ARC = YES;
				CLANG_ENABLE_OBJC_WEAK = YES;
				CLANG_WARN_BLOCK_CAPTURE_AUTORELEASING = YES;
				CLANG_WARN_BOOL_CONVERSION = YES;
				CLANG_WARN_COMMA = YES;
				CLANG_WARN_CONSTANT_CONVERSION = YES;
				CLANG_WARN_DEPRECATED_OBJC_IMPLEMENTATIONS = YES;
				CLANG_WARN_DIRECT_OBJC_ISA_USAGE = YES_ERROR;
				CLANG_WARN_DOCUMENTATION_COMMENTS = YES;
				CLANG_WARN_EMPTY_BODY = YES;
				CLANG_WARN_ENUM_CONVERSION = YES;
				CLANG_WARN_INFINITE_RECURSION = YES;
				CLANG_WARN_INT_CONVERSION = YES;
				CLANG_WARN_NON_LITERAL_NULL_CONVERSION = YES;
				CLANG_WARN_OBJC_IMPLICIT_RETAIN_SELF = YES;
				CLANG_WARN_OBJC_LITERAL_CONVERSION = YES;
				CLANG_WARN_OBJC_ROOT_CLASS = YES_ERROR;
				CLANG_WARN_QUOTED_INCLUDE_IN_FRAMEWORK_HEADER = YES;
				CLANG_WARN_RANGE_LOOP_ANALYSIS = YES;
				CLANG_WARN_STRICT_PROTOTYPES = YES;
				CLANG_WARN_SUSPICIOUS_MOVE = YES;
				CLANG_WARN_UNGUARDED_AVAILABILITY = YES_AGGRESSIVE;
				CLANG_WARN_UNREACHABLE_CODE = YES;
				CLANG_WARN__DUPLICATE_METHOD_MATCH = YES;
				COPY_PHASE_STRIP = NO;
				DEBUG_INFORMATION_FORMAT = "dwarf-with-dsym";
				ENABLE_NS_ASSERTIONS = NO;
				ENABLE_STRICT_OBJC_MSGSEND = YES;
				GCC_C_LANGUAGE_STANDARD = gnu11;
				GCC_NO_COMMON_BLOCKS = YES;
				GCC_WARN_64_TO_32_BIT_CONVERSION = YES;
				GCC_WARN_ABOUT_RETURN_TYPE = YES_ERROR;
				GCC_WARN_UNDECLARED_SELECTOR = YES;
				GCC_WARN_UNINITIALIZED_AUTOS = YES_AGGRESSIVE;
				GCC_WARN_UNUSED_FUNCTION = YES;
				GCC_WARN_UNUSED_VARIABLE = YES;
				MACOSX_DEPLOYMENT_TARGET = 11.3;
				MTL_ENABLE_DEBUG_INFO = NO;
				MTL_FAST_MATH = YES;
				SDKROOT = macosx;
			};
			name = Release;
		};
		0D84B72C2716D68D007CB183 /* Debug */ = {
			isa = XCBuildConfiguration;
			baseConfigurationReference = B96C45C09A27AD4E155EEFE4 /* Pods-ObjcBagu.debug.xcconfig */;
			buildSettings = {
				CLANG_ENABLE_MODULES = YES;
				CODE_SIGN_IDENTITY = "-";
				CODE_SIGN_STYLE = Automatic;
				DEVELOPMENT_TEAM = AV8J5QKX6U;
				ENABLE_HARDENED_RUNTIME = YES;
				GCC_PREFIX_HEADER = ObjcBagu/OCPrefix.pch;
				LD_RUNPATH_SEARCH_PATHS = (
					"$(inherited)",
					"@executable_path/../Frameworks",
					"@loader_path/../Frameworks",
				);
				LIBRARY_SEARCH_PATHS = (
					"$(inherited)",
					"$(PROJECT_DIR)",
				);
				MACOSX_DEPLOYMENT_TARGET = 12.3;
				OTHER_LDFLAGS = (
					"$(inherited)",
					"-ObjC",
				);
				PRODUCT_BUNDLE_IDENTIFIER = cc.fangr.objc.bagu;
				PRODUCT_NAME = "$(TARGET_NAME)";
				SWIFT_OBJC_BRIDGING_HEADER = "ObjcBagu/Swift/ObjcBagu-Bridging-Header.h";
				SWIFT_OPTIMIZATION_LEVEL = "-Onone";
				SWIFT_VERSION = 5.0;
			};
			name = Debug;
		};
		0D84B72D2716D68D007CB183 /* Release */ = {
			isa = XCBuildConfiguration;
			baseConfigurationReference = 316DEA373116E2B9C956A1EA /* Pods-ObjcBagu.release.xcconfig */;
			buildSettings = {
				CLANG_ENABLE_MODULES = YES;
				CODE_SIGN_IDENTITY = "-";
				CODE_SIGN_STYLE = Automatic;
				DEVELOPMENT_TEAM = AV8J5QKX6U;
				ENABLE_HARDENED_RUNTIME = YES;
				GCC_PREFIX_HEADER = ObjcBagu/OCPrefix.pch;
				LD_RUNPATH_SEARCH_PATHS = (
					"$(inherited)",
					"@executable_path/../Frameworks",
					"@loader_path/../Frameworks",
				);
				LIBRARY_SEARCH_PATHS = (
					"$(inherited)",
					"$(PROJECT_DIR)",
				);
				MACOSX_DEPLOYMENT_TARGET = 12.3;
				OTHER_LDFLAGS = (
					"$(inherited)",
					"-ObjC",
				);
				PRODUCT_BUNDLE_IDENTIFIER = cc.fangr.objc.bagu;
				PRODUCT_NAME = "$(TARGET_NAME)";
				SWIFT_OBJC_BRIDGING_HEADER = "ObjcBagu/Swift/ObjcBagu-Bridging-Header.h";
				SWIFT_VERSION = 5.0;
			};
			name = Release;
		};
/* End XCBuildConfiguration section */

/* Begin XCConfigurationList section */
		0D84B71F2716D68D007CB183 /* Build configuration list for PBXProject "ObjcBagu" */ = {
			isa = XCConfigurationList;
			buildConfigurations = (
				0D84B7292716D68D007CB183 /* Debug */,
				0D84B72A2716D68D007CB183 /* Release */,
			);
			defaultConfigurationIsVisible = 0;
			defaultConfigurationName = Release;
		};
		0D84B72B2716D68D007CB183 /* Build configuration list for PBXNativeTarget "ObjcBagu" */ = {
			isa = XCConfigurationList;
			buildConfigurations = (
				0D84B72C2716D68D007CB183 /* Debug */,
				0D84B72D2716D68D007CB183 /* Release */,
			);
			defaultConfigurationIsVisible = 0;
			defaultConfigurationName = Release;
		};
/* End XCConfigurationList section */
	};
	rootObject = 0D84B71C2716D68D007CB183 /* Project object */;
}
